// !$*UTF8*$!
{
	archiveVersion = 1;
	classes = {
	};
	objectVersion = 50;
	objects = {

/* Begin PBXBuildFile section */
		4AD0591320DDC19C000AB6A1 /* AppDelegate.swift in Sources */ = {isa = PBXBuildFile; fileRef = 4AD0591220DDC19C000AB6A1 /* AppDelegate.swift */; };
		4AD0591520DDC19C000AB6A1 /* ViewController.swift in Sources */ = {isa = PBXBuildFile; fileRef = 4AD0591420DDC19C000AB6A1 /* ViewController.swift */; };
		4AD0591A20DDC19D000AB6A1 /* Assets.xcassets in Resources */ = {isa = PBXBuildFile; fileRef = 4AD0591920DDC19D000AB6A1 /* Assets.xcassets */; };
		4AD0591D20DDC19D000AB6A1 /* LaunchScreen.storyboard in Resources */ = {isa = PBXBuildFile; fileRef = 4AD0591B20DDC19D000AB6A1 /* LaunchScreen.storyboard */; };
		4AD0592820DDC19D000AB6A1 /* DetectarTextoTests.swift in Sources */ = {isa = PBXBuildFile; fileRef = 4AD0592720DDC19D000AB6A1 /* DetectarTextoTests.swift */; };
		4AD0593320DDC19D000AB6A1 /* DetectarTextoUITests.swift in Sources */ = {isa = PBXBuildFile; fileRef = 4AD0593220DDC19D000AB6A1 /* DetectarTextoUITests.swift */; };
/* End PBXBuildFile section */

/* Begin PBXContainerItemProxy section */
		4AD0592420DDC19D000AB6A1 /* PBXContainerItemProxy */ = {
			isa = PBXContainerItemProxy;
			containerPortal = 4AD0590720DDC19C000AB6A1 /* Project object */;
			proxyType = 1;
			remoteGlobalIDString = 4AD0590E20DDC19C000AB6A1;
			remoteInfo = DetectarTexto;
		};
		4AD0592F20DDC19D000AB6A1 /* PBXContainerItemProxy */ = {
			isa = PBXContainerItemProxy;
			containerPortal = 4AD0590720DDC19C000AB6A1 /* Project object */;
			proxyType = 1;
			remoteGlobalIDString = 4AD0590E20DDC19C000AB6A1;
			remoteInfo = DetectarTexto;
		};
/* End PBXContainerItemProxy section */

/* Begin PBXFileReference section */
		4AD0590F20DDC19C000AB6A1 /* DetectarTexto.app */ = {isa = PBXFileReference; explicitFileType = wrapper.application; includeInIndex = 0; path = DetectarTexto.app; sourceTree = BUILT_PRODUCTS_DIR; };
		4AD0591220DDC19C000AB6A1 /* AppDelegate.swift */ = {isa = PBXFileReference; lastKnownFileType = sourcecode.swift; path = AppDelegate.swift; sourceTree = "<group>"; };
		4AD0591420DDC19C000AB6A1 /* ViewController.swift */ = {isa = PBXFileReference; lastKnownFileType = sourcecode.swift; path = ViewController.swift; sourceTree = "<group>"; };
		4AD0591920DDC19D000AB6A1 /* Assets.xcassets */ = {isa = PBXFileReference; lastKnownFileType = folder.assetcatalog; path = Assets.xcassets; sourceTree = "<group>"; };
		4AD0591C20DDC19D000AB6A1 /* Base */ = {isa = PBXFileReference; lastKnownFileType = file.storyboard; name = Base; path = Base.lproj/LaunchScreen.storyboard; sourceTree = "<group>"; };
		4AD0591E20DDC19D000AB6A1 /* Info.plist */ = {isa = PBXFileReference; lastKnownFileType = text.plist.xml; path = Info.plist; sourceTree = "<group>"; };
		4AD0592320DDC19D000AB6A1 /* DetectarTextoTests.xctest */ = {isa = PBXFileReference; explicitFileType = wrapper.cfbundle; includeInIndex = 0; path = DetectarTextoTests.xctest; sourceTree = BUILT_PRODUCTS_DIR; };
		4AD0592720DDC19D000AB6A1 /* DetectarTextoTests.swift */ = {isa = PBXFileReference; lastKnownFileType = sourcecode.swift; path = DetectarTextoTests.swift; sourceTree = "<group>"; };
		4AD0592920DDC19D000AB6A1 /* Info.plist */ = {isa = PBXFileReference; lastKnownFileType = text.plist.xml; path = Info.plist; sourceTree = "<group>"; };
		4AD0592E20DDC19D000AB6A1 /* DetectarTextoUITests.xctest */ = {isa = PBXFileReference; explicitFileType = wrapper.cfbundle; includeInIndex = 0; path = DetectarTextoUITests.xctest; sourceTree = BUILT_PRODUCTS_DIR; };
		4AD0593220DDC19D000AB6A1 /* DetectarTextoUITests.swift */ = {isa = PBXFileReference; lastKnownFileType = sourcecode.swift; path = DetectarTextoUITests.swift; sourceTree = "<group>"; };
		4AD0593420DDC19D000AB6A1 /* Info.plist */ = {isa = PBXFileReference; lastKnownFileType = text.plist.xml; path = Info.plist; sourceTree = "<group>"; };
/* End PBXFileReference section */

/* Begin PBXFrameworksBuildPhase section */
		4AD0590C20DDC19C000AB6A1 /* Frameworks */ = {
			isa = PBXFrameworksBuildPhase;
			buildActionMask = 2147483647;
			files = (
			);
			runOnlyForDeploymentPostprocessing = 0;
		};
		4AD0592020DDC19D000AB6A1 /* Frameworks */ = {
			isa = PBXFrameworksBuildPhase;
			buildActionMask = 2147483647;
			files = (
			);
			runOnlyForDeploymentPostprocessing = 0;
		};
		4AD0592B20DDC19D000AB6A1 /* Frameworks */ = {
			isa = PBXFrameworksBuildPhase;
			buildActionMask = 2147483647;
			files = (
			);
			runOnlyForDeploymentPostprocessing = 0;
		};
/* End PBXFrameworksBuildPhase section */

/* Begin PBXGroup section */
		4AD0590620DDC19C000AB6A1 = {
			isa = PBXGroup;
			children = (
				4AD0591120DDC19C000AB6A1 /* DetectarTexto */,
				4AD0592620DDC19D000AB6A1 /* DetectarTextoTests */,
				4AD0593120DDC19D000AB6A1 /* DetectarTextoUITests */,
				4AD0591020DDC19C000AB6A1 /* Products */,
			);
			sourceTree = "<group>";
		};
		4AD0591020DDC19C000AB6A1 /* Products */ = {
			isa = PBXGroup;
			children = (
				4AD0590F20DDC19C000AB6A1 /* DetectarTexto.app */,
				4AD0592320DDC19D000AB6A1 /* DetectarTextoTests.xctest */,
				4AD0592E20DDC19D000AB6A1 /* DetectarTextoUITests.xctest */,
			);
			name = Products;
			sourceTree = "<group>";
		};
		4AD0591120DDC19C000AB6A1 /* DetectarTexto */ = {
			isa = PBXGroup;
			children = (
				4AD0591220DDC19C000AB6A1 /* AppDelegate.swift */,
				4AD0591420DDC19C000AB6A1 /* ViewController.swift */,
				4AD0591920DDC19D000AB6A1 /* Assets.xcassets */,
				4AD0591B20DDC19D000AB6A1 /* LaunchScreen.storyboard */,
				4AD0591E20DDC19D000AB6A1 /* Info.plist */,
			);
			path = DetectarTexto;
			sourceTree = "<group>";
		};
		4AD0592620DDC19D000AB6A1 /* DetectarTextoTests */ = {
			isa = PBXGroup;
			children = (
				4AD0592720DDC19D000AB6A1 /* DetectarTextoTests.swift */,
				4AD0592920DDC19D000AB6A1 /* Info.plist */,
			);
			path = DetectarTextoTests;
			sourceTree = "<group>";
		};
		4AD0593120DDC19D000AB6A1 /* DetectarTextoUITests */ = {
			isa = PBXGroup;
			children = (
				4AD0593220DDC19D000AB6A1 /* DetectarTextoUITests.swift */,
				4AD0593420DDC19D000AB6A1 /* Info.plist */,
			);
			path = DetectarTextoUITests;
			sourceTree = "<group>";
		};
/* End PBXGroup section */

/* Begin PBXNativeTarget section */
		4AD0590E20DDC19C000AB6A1 /* DetectarTexto */ = {
			isa = PBXNativeTarget;
			buildConfigurationList = 4AD0593720DDC19D000AB6A1 /* Build configuration list for PBXNativeTarget "DetectarTexto" */;
			buildPhases = (
				4AD0590B20DDC19C000AB6A1 /* Sources */,
				4AD0590C20DDC19C000AB6A1 /* Frameworks */,
				4AD0590D20DDC19C000AB6A1 /* Resources */,
			);
			buildRules = (
			);
			dependencies = (
			);
			name = DetectarTexto;
			productName = DetectarTexto;
			productReference = 4AD0590F20DDC19C000AB6A1 /* DetectarTexto.app */;
			productType = "com.apple.product-type.application";
		};
		4AD0592220DDC19D000AB6A1 /* DetectarTextoTests */ = {
			isa = PBXNativeTarget;
			buildConfigurationList = 4AD0593A20DDC19D000AB6A1 /* Build configuration list for PBXNativeTarget "DetectarTextoTests" */;
			buildPhases = (
				4AD0591F20DDC19D000AB6A1 /* Sources */,
				4AD0592020DDC19D000AB6A1 /* Frameworks */,
				4AD0592120DDC19D000AB6A1 /* Resources */,
			);
			buildRules = (
			);
			dependencies = (
				4AD0592520DDC19D000AB6A1 /* PBXTargetDependency */,
			);
			name = DetectarTextoTests;
			productName = DetectarTextoTests;
			productReference = 4AD0592320DDC19D000AB6A1 /* DetectarTextoTests.xctest */;
			productType = "com.apple.product-type.bundle.unit-test";
		};
		4AD0592D20DDC19D000AB6A1 /* DetectarTextoUITests */ = {
			isa = PBXNativeTarget;
			buildConfigurationList = 4AD0593D20DDC19D000AB6A1 /* Build configuration list for PBXNativeTarget "DetectarTextoUITests" */;
			buildPhases = (
				4AD0592A20DDC19D000AB6A1 /* Sources */,
				4AD0592B20DDC19D000AB6A1 /* Frameworks */,
				4AD0592C20DDC19D000AB6A1 /* Resources */,
			);
			buildRules = (
			);
			dependencies = (
				4AD0593020DDC19D000AB6A1 /* PBXTargetDependency */,
			);
			name = DetectarTextoUITests;
			productName = DetectarTextoUITests;
			productReference = 4AD0592E20DDC19D000AB6A1 /* DetectarTextoUITests.xctest */;
			productType = "com.apple.product-type.bundle.ui-testing";
		};
/* End PBXNativeTarget section */

/* Begin PBXProject section */
		4AD0590720DDC19C000AB6A1 /* Project object */ = {
			isa = PBXProject;
			attributes = {
				LastSwiftUpdateCheck = 0940;
				LastUpgradeCheck = 0940;
				ORGANIZATIONNAME = d182_fernando_r;
				TargetAttributes = {
					4AD0590E20DDC19C000AB6A1 = {
						CreatedOnToolsVersion = 9.4.1;
					};
					4AD0592220DDC19D000AB6A1 = {
						CreatedOnToolsVersion = 9.4.1;
						TestTargetID = 4AD0590E20DDC19C000AB6A1;
					};
					4AD0592D20DDC19D000AB6A1 = {
						CreatedOnToolsVersion = 9.4.1;
						TestTargetID = 4AD0590E20DDC19C000AB6A1;
					};
				};
			};
			buildConfigurationList = 4AD0590A20DDC19C000AB6A1 /* Build configuration list for PBXProject "DetectarTexto" */;
			compatibilityVersion = "Xcode 9.3";
			developmentRegion = en;
			hasScannedForEncodings = 0;
			knownRegions = (
				en,
				Base,
			);
			mainGroup = 4AD0590620DDC19C000AB6A1;
			productRefGroup = 4AD0591020DDC19C000AB6A1 /* Products */;
			projectDirPath = "";
			projectRoot = "";
			targets = (
				4AD0590E20DDC19C000AB6A1 /* DetectarTexto */,
				4AD0592220DDC19D000AB6A1 /* DetectarTextoTests */,
				4AD0592D20DDC19D000AB6A1 /* DetectarTextoUITests */,
			);
		};
/* End PBXProject section */

/* Begin PBXResourcesBuildPhase section */
		4AD0590D20DDC19C000AB6A1 /* Resources */ = {
			isa = PBXResourcesBuildPhase;
			buildActionMask = 2147483647;
			files = (
				4AD0591D20DDC19D000AB6A1 /* LaunchScreen.storyboard in Resources */,
				4AD0591A20DDC19D000AB6A1 /* Assets.xcassets in Resources */,
			);
			runOnlyForDeploymentPostprocessing = 0;
		};
		4AD0592120DDC19D000AB6A1 /* Resources */ = {
			isa = PBXResourcesBuildPhase;
			buildActionMask = 2147483647;
			files = (
			);
			runOnlyForDeploymentPostprocessing = 0;
		};
		4AD0592C20DDC19D000AB6A1 /* Resources */ = {
			isa = PBXResourcesBuildPhase;
			buildActionMask = 2147483647;
			files = (
			);
			runOnlyForDeploymentPostprocessing = 0;
		};
/* End PBXResourcesBuildPhase section */

/* Begin PBXSourcesBuildPhase section */
		4AD0590B20DDC19C000AB6A1 /* Sources */ = {
			isa = PBXSourcesBuildPhase;
			buildActionMask = 2147483647;
			files = (
				4AD0591520DDC19C000AB6A1 /* ViewController.swift in Sources */,
				4AD0591320DDC19C000AB6A1 /* AppDelegate.swift in Sources */,
			);
			runOnlyForDeploymentPostprocessing = 0;
		};
		4AD0591F20DDC19D000AB6A1 /* Sources */ = {
			isa = PBXSourcesBuildPhase;
			buildActionMask = 2147483647;
			files = (
				4AD0592820DDC19D000AB6A1 /* DetectarTextoTests.swift in Sources */,
			);
			runOnlyForDeploymentPostprocessing = 0;
		};
		4AD0592A20DDC19D000AB6A1 /* Sources */ = {
			isa = PBXSourcesBuildPhase;
			buildActionMask = 2147483647;
			files = (
				4AD0593320DDC19D000AB6A1 /* DetectarTextoUITests.swift in Sources */,
			);
			runOnlyForDeploymentPostprocessing = 0;
		};
/* End PBXSourcesBuildPhase section */

/* Begin PBXTargetDependency section */
		4AD0592520DDC19D000AB6A1 /* PBXTargetDependency */ = {
			isa = PBXTargetDependency;
			target = 4AD0590E20DDC19C000AB6A1 /* DetectarTexto */;
			targetProxy = 4AD0592420DDC19D000AB6A1 /* PBXContainerItemProxy */;
		};
		4AD0593020DDC19D000AB6A1 /* PBXTargetDependency */ = {
			isa = PBXTargetDependency;
			target = 4AD0590E20DDC19C000AB6A1 /* DetectarTexto */;
			targetProxy = 4AD0592F20DDC19D000AB6A1 /* PBXContainerItemProxy */;
		};
/* End PBXTargetDependency section */

/* Begin PBXVariantGroup section */
		4AD0591B20DDC19D000AB6A1 /* LaunchScreen.storyboard */ = {
			isa = PBXVariantGroup;
			children = (
				4AD0591C20DDC19D000AB6A1 /* Base */,
			);
			name = LaunchScreen.storyboard;
			sourceTree = "<group>";
		};
/* End PBXVariantGroup section */

/* Begin XCBuildConfiguration section */
		4AD0593520DDC19D000AB6A1 /* Debug */ = {
			isa = XCBuildConfiguration;
			buildSettings = {
				ALWAYS_SEARCH_USER_PATHS = NO;
				CLANG_ANALYZER_NONNULL = YES;
				CLANG_ANALYZER_NUMBER_OBJECT_CONVERSION = YES_AGGRESSIVE;
				CLANG_CXX_LANGUAGE_STANDARD = "gnu++14";
				CLANG_CXX_LIBRARY = "libc++";
				CLANG_ENABLE_MODULES = YES;
				CLANG_ENABLE_OBJC_ARC = YES;
				CLANG_ENABLE_OBJC_WEAK = YES;
				CLANG_WARN_BLOCK_CAPTURE_AUTORELEASING = YES;
				CLANG_WARN_BOOL_CONVERSION = YES;
				CLANG_WARN_COMMA = YES;
				CLANG_WARN_CONSTANT_CONVERSION = YES;
				CLANG_WARN_DEPRECATED_OBJC_IMPLEMENTATIONS = YES;
				CLANG_WARN_DIRECT_OBJC_ISA_USAGE = YES_ERROR;
				CLANG_WARN_DOCUMENTATION_COMMENTS = YES;
				CLANG_WARN_EMPTY_BODY = YES;
				CLANG_WARN_ENUM_CONVERSION = YES;
				CLANG_WARN_INFINITE_RECURSION = YES;
				CLANG_WARN_INT_CONVERSION = YES;
				CLANG_WARN_NON_LITERAL_NULL_CONVERSION = YES;
				CLANG_WARN_OBJC_IMPLICIT_RETAIN_SELF = YES;
				CLANG_WARN_OBJC_LITERAL_CONVERSION = YES;
				CLANG_WARN_OBJC_ROOT_CLASS = YES_ERROR;
				CLANG_WARN_RANGE_LOOP_ANALYSIS = YES;
				CLANG_WARN_STRICT_PROTOTYPES = YES;
				CLANG_WARN_SUSPICIOUS_MOVE = YES;
				CLANG_WARN_UNGUARDED_AVAILABILITY = YES_AGGRESSIVE;
				CLANG_WARN_UNREACHABLE_CODE = YES;
				CLANG_WARN__DUPLICATE_METHOD_MATCH = YES;
				CODE_SIGN_IDENTITY = "iPhone Developer";
				COPY_PHASE_STRIP = NO;
				DEBUG_INFORMATION_FORMAT = dwarf;
				ENABLE_STRICT_OBJC_MSGSEND = YES;
				ENABLE_TESTABILITY = YES;
				GCC_C_LANGUAGE_STANDARD = gnu11;
				GCC_DYNAMIC_NO_PIC = NO;
				GCC_NO_COMMON_BLOCKS = YES;
				GCC_OPTIMIZATION_LEVEL = 0;
				GCC_PREPROCESSOR_DEFINITIONS = (
					"DEBUG=1",
					"$(inherited)",
				);
				GCC_WARN_64_TO_32_BIT_CONVERSION = YES;
				GCC_WARN_ABOUT_RETURN_TYPE = YES_ERROR;
				GCC_WARN_UNDECLARED_SELECTOR = YES;
				GCC_WARN_UNINITIALIZED_AUTOS = YES_AGGRESSIVE;
				GCC_WARN_UNUSED_FUNCTION = YES;
				GCC_WARN_UNUSED_VARIABLE = YES;
				IPHONEOS_DEPLOYMENT_TARGET = 11.4;
				MTL_ENABLE_DEBUG_INFO = YES;
				ONLY_ACTIVE_ARCH = YES;
				SDKROOT = iphoneos;
				SWIFT_ACTIVE_COMPILATION_CONDITIONS = DEBUG;
				SWIFT_OPTIMIZATION_LEVEL = "-Onone";
			};
			name = Debug;
		};
		4AD0593620DDC19D000AB6A1 /* Release */ = {
			isa = XCBuildConfiguration;
			buildSettings = {
				ALWAYS_SEARCH_USER_PATHS = NO;
				CLANG_ANALYZER_NONNULL = YES;
				CLANG_ANALYZER_NUMBER_OBJECT_CONVERSION = YES_AGGRESSIVE;
				CLANG_CXX_LANGUAGE_STANDARD = "gnu++14";
				CLANG_CXX_LIBRARY = "libc++";
				CLANG_ENABLE_MODULES = YES;
				CLANG_ENABLE_OBJC_ARC = YES;
				CLANG_ENABLE_OBJC_WEAK = YES;
				CLANG_WARN_BLOCK_CAPTURE_AUTORELEASING = YES;
				CLANG_WARN_BOOL_CONVERSION = YES;
				CLANG_WARN_COMMA = YES;
				CLANG_WARN_CONSTANT_CONVERSION = YES;
				CLANG_WARN_DEPRECATED_OBJC_IMPLEMENTATIONS = YES;
				CLANG_WARN_DIRECT_OBJC_ISA_USAGE = YES_ERROR;
				CLANG_WARN_DOCUMENTATION_COMMENTS = YES;
				CLANG_WARN_EMPTY_BODY = YES;
				CLANG_WARN_ENUM_CONVERSION = YES;
				CLANG_WARN_INFINITE_RECURSION = YES;
				CLANG_WARN_INT_CONVERSION = YES;
				CLANG_WARN_NON_LITERAL_NULL_CONVERSION = YES;
				CLANG_WARN_OBJC_IMPLICIT_RETAIN_SELF = YES;
				CLANG_WARN_OBJC_LITERAL_CONVERSION = YES;
				CLANG_WARN_OBJC_ROOT_CLASS = YES_ERROR;
				CLANG_WARN_RANGE_LOOP_ANALYSIS = YES;
				CLANG_WARN_STRICT_PROTOTYPES = YES;
				CLANG_WARN_SUSPICIOUS_MOVE = YES;
				CLANG_WARN_UNGUARDED_AVAILABILITY = YES_AGGRESSIVE;
				CLANG_WARN_UNREACHABLE_CODE = YES;
				CLANG_WARN__DUPLICATE_METHOD_MATCH = YES;
				CODE_SIGN_IDENTITY = "iPhone Developer";
				COPY_PHASE_STRIP = NO;
				DEBUG_INFORMATION_FORMAT = "dwarf-with-dsym";
				ENABLE_NS_ASSERTIONS = NO;
				ENABLE_STRICT_OBJC_MSGSEND = YES;
				GCC_C_LANGUAGE_STANDARD = gnu11;
				GCC_NO_COMMON_BLOCKS = YES;
				GCC_WARN_64_TO_32_BIT_CONVERSION = YES;
				GCC_WARN_ABOUT_RETURN_TYPE = YES_ERROR;
				GCC_WARN_UNDECLARED_SELECTOR = YES;
				GCC_WARN_UNINITIALIZED_AUTOS = YES_AGGRESSIVE;
				GCC_WARN_UNUSED_FUNCTION = YES;
				GCC_WARN_UNUSED_VARIABLE = YES;
				IPHONEOS_DEPLOYMENT_TARGET = 11.4;
				MTL_ENABLE_DEBUG_INFO = NO;
				SDKROOT = iphoneos;
				SWIFT_COMPILATION_MODE = wholemodule;
				SWIFT_OPTIMIZATION_LEVEL = "-O";
				VALIDATE_PRODUCT = YES;
			};
			name = Release;
		};
		4AD0593820DDC19D000AB6A1 /* Debug */ = {
			isa = XCBuildConfiguration;
			buildSettings = {
				ASSETCATALOG_COMPILER_APPICON_NAME = AppIcon;
				CODE_SIGN_STYLE = Automatic;
				INFOPLIST_FILE = DetectarTexto/Info.plist;
				LD_RUNPATH_SEARCH_PATHS = (
					"$(inherited)",
					"@executable_path/Frameworks",
				);
				PRODUCT_BUNDLE_IDENTIFIER = diplomado.DetectarTexto;
				PRODUCT_NAME = "$(TARGET_NAME)";
				SWIFT_VERSION = 4.0;
				TARGETED_DEVICE_FAMILY = "1,2";
			};
			name = Debug;
		};
		4AD0593920DDC19D000AB6A1 /* Release */ = {
			isa = XCBuildConfiguration;
			buildSettings = {
				ASSETCATALOG_COMPILER_APPICON_NAME = AppIcon;
				CODE_SIGN_STYLE = Automatic;
				INFOPLIST_FILE = DetectarTexto/Info.plist;
				LD_RUNPATH_SEARCH_PATHS = (
					"$(inherited)",
					"@executable_path/Frameworks",
				);
				PRODUCT_BUNDLE_IDENTIFIER = diplomado.DetectarTexto;
				PRODUCT_NAME = "$(TARGET_NAME)";
				SWIFT_VERSION = 4.0;
				TARGETED_DEVICE_FAMILY = "1,2";
			};
			name = Release;
		};
		4AD0593B20DDC19D000AB6A1 /* Debug */ = {
			isa = XCBuildConfiguration;
			buildSettings = {
				ALWAYS_EMBED_SWIFT_STANDARD_LIBRARIES = YES;
				BUNDLE_LOADER = "$(TEST_HOST)";
				CODE_SIGN_STYLE = Automatic;
				INFOPLIST_FILE = DetectarTextoTests/Info.plist;
				LD_RUNPATH_SEARCH_PATHS = (
					"$(inherited)",
					"@executable_path/Frameworks",
					"@loader_path/Frameworks",
				);
				PRODUCT_BUNDLE_IDENTIFIER = diplomado.DetectarTextoTests;
				PRODUCT_NAME = "$(TARGET_NAME)";
				SWIFT_VERSION = 4.0;
				TARGETED_DEVICE_FAMILY = "1,2";
				TEST_HOST = "$(BUILT_PRODUCTS_DIR)/DetectarTexto.app/DetectarTexto";
			};
			name = Debug;
		};
		4AD0593C20DDC19D000AB6A1 /* Release */ = {
			isa = XCBuildConfiguration;
			buildSettings = {
				ALWAYS_EMBED_SWIFT_STANDARD_LIBRARIES = YES;
				BUNDLE_LOADER = "$(TEST_HOST)";
				CODE_SIGN_STYLE = Automatic;
				INFOPLIST_FILE = DetectarTextoTests/Info.plist;
				LD_RUNPATH_SEARCH_PATHS = (
					"$(inherited)",
					"@executable_path/Frameworks",
					"@loader_path/Frameworks",
				);
				PRODUCT_BUNDLE_IDENTIFIER = diplomado.DetectarTextoTests;
				PRODUCT_NAME = "$(TARGET_NAME)";
				SWIFT_VERSION = 4.0;
				TARGETED_DEVICE_FAMILY = "1,2";
				TEST_HOST = "$(BUILT_PRODUCTS_DIR)/DetectarTexto.app/DetectarTexto";
			};
			name = Release;
		};
		4AD0593E20DDC19D000AB6A1 /* Debug */ = {
			isa = XCBuildConfiguration;
			buildSettings = {
				ALWAYS_EMBED_SWIFT_STANDARD_LIBRARIES = YES;
				CODE_SIGN_STYLE = Automatic;
				INFOPLIST_FILE = DetectarTextoUITests/Info.plist;
				LD_RUNPATH_SEARCH_PATHS = (
					"$(inherited)",
					"@executable_path/Frameworks",
					"@loader_path/Frameworks",
				);
				PRODUCT_BUNDLE_IDENTIFIER = diplomado.DetectarTextoUITests;
				PRODUCT_NAME = "$(TARGET_NAME)";
				SWIFT_VERSION = 4.0;
				TARGETED_DEVICE_FAMILY = "1,2";
				TEST_TARGET_NAME = DetectarTexto;
			};
			name = Debug;
		};
		4AD0593F20DDC19D000AB6A1 /* Release */ = {
			isa = XCBuildConfiguration;
			buildSettings = {
				ALWAYS_EMBED_SWIFT_STANDARD_LIBRARIES = YES;
				CODE_SIGN_STYLE = Automatic;
				INFOPLIST_FILE = DetectarTextoUITests/Info.plist;
				LD_RUNPATH_SEARCH_PATHS = (
					"$(inherited)",
					"@executable_path/Frameworks",
					"@loader_path/Frameworks",
				);
				PRODUCT_BUNDLE_IDENTIFIER = diplomado.DetectarTextoUITests;
				PRODUCT_NAME = "$(TARGET_NAME)";
				SWIFT_VERSION = 4.0;
				TARGETED_DEVICE_FAMILY = "1,2";
				TEST_TARGET_NAME = DetectarTexto;
			};
			name = Release;
		};
/* End XCBuildConfiguration section */

/* Begin XCConfigurationList section */
		4AD0590A20DDC19C000AB6A1 /* Build configuration list for PBXProject "DetectarTexto" */ = {
			isa = XCConfigurationList;
			buildConfigurations = (
				4AD0593520DDC19D000AB6A1 /* Debug */,
				4AD0593620DDC19D000AB6A1 /* Release */,
			);
			defaultConfigurationIsVisible = 0;
			defaultConfigurationName = Release;
		};
		4AD0593720DDC19D000AB6A1 /* Build configuration list for PBXNativeTarget "DetectarTexto" */ = {
			isa = XCConfigurationList;
			buildConfigurations = (
				4AD0593820DDC19D000AB6A1 /* Debug */,
				4AD0593920DDC19D000AB6A1 /* Release */,
			);
			defaultConfigurationIsVisible = 0;
			defaultConfigurationName = Release;
		};
		4AD0593A20DDC19D000AB6A1 /* Build configuration list for PBXNativeTarget "DetectarTextoTests" */ = {
			isa = XCConfigurationList;
			buildConfigurations = (
				4AD0593B20DDC19D000AB6A1 /* Debug */,
				4AD0593C20DDC19D000AB6A1 /* Release */,
			);
			defaultConfigurationIsVisible = 0;
			defaultConfigurationName = Release;
		};
		4AD0593D20DDC19D000AB6A1 /* Build configuration list for PBXNativeTarget "DetectarTextoUITests" */ = {
			isa = XCConfigurationList;
			buildConfigurations = (
				4AD0593E20DDC19D000AB6A1 /* Debug */,
				4AD0593F20DDC19D000AB6A1 /* Release */,
			);
			defaultConfigurationIsVisible = 0;
			defaultConfigurationName = Release;
		};
/* End XCConfigurationList section */
	};
	rootObject = 4AD0590720DDC19C000AB6A1 /* Project object */;
}
