// !$*UTF8*$!
{
	archiveVersion = 1;
	classes = {
	};
	objectVersion = 48;
	objects = {

/* Begin PBXBuildFile section */
		4A2D1164204A19CA001C5F39 /* AppDelegate.swift in Sources */ = {isa = PBXBuildFile; fileRef = 4A2D1163204A19CA001C5F39 /* AppDelegate.swift */; };
		4A2D1166204A19CA001C5F39 /* ViewController.swift in Sources */ = {isa = PBXBuildFile; fileRef = 4A2D1165204A19CA001C5F39 /* ViewController.swift */; };
		4A2D1169204A19CA001C5F39 /* Main.storyboard in Resources */ = {isa = PBXBuildFile; fileRef = 4A2D1167204A19CA001C5F39 /* Main.storyboard */; };
		4A2D116B204A19CA001C5F39 /* Assets.xcassets in Resources */ = {isa = PBXBuildFile; fileRef = 4A2D116A204A19CA001C5F39 /* Assets.xcassets */; };
		4A2D116E204A19CA001C5F39 /* LaunchScreen.storyboard in Resources */ = {isa = PBXBuildFile; fileRef = 4A2D116C204A19CA001C5F39 /* LaunchScreen.storyboard */; };
		4A2D1179204A19CA001C5F39 /* SimpleProfileTests.swift in Sources */ = {isa = PBXBuildFile; fileRef = 4A2D1178204A19CA001C5F39 /* SimpleProfileTests.swift */; };
		4A2D1184204A19CA001C5F39 /* SimpleProfileUITests.swift in Sources */ = {isa = PBXBuildFile; fileRef = 4A2D1183204A19CA001C5F39 /* SimpleProfileUITests.swift */; };
/* End PBXBuildFile section */

/* Begin PBXContainerItemProxy section */
		4A2D1175204A19CA001C5F39 /* PBXContainerItemProxy */ = {
			isa = PBXContainerItemProxy;
			containerPortal = 4A2D1158204A19CA001C5F39 /* Project object */;
			proxyType = 1;
			remoteGlobalIDString = 4A2D115F204A19CA001C5F39;
			remoteInfo = SimpleProfile;
		};
		4A2D1180204A19CA001C5F39 /* PBXContainerItemProxy */ = {
			isa = PBXContainerItemProxy;
			containerPortal = 4A2D1158204A19CA001C5F39 /* Project object */;
			proxyType = 1;
			remoteGlobalIDString = 4A2D115F204A19CA001C5F39;
			remoteInfo = SimpleProfile;
		};
/* End PBXContainerItemProxy section */

/* Begin PBXFileReference section */
		4A2D1160204A19CA001C5F39 /* SimpleProfile.app */ = {isa = PBXFileReference; explicitFileType = wrapper.application; includeInIndex = 0; path = SimpleProfile.app; sourceTree = BUILT_PRODUCTS_DIR; };
		4A2D1163204A19CA001C5F39 /* AppDelegate.swift */ = {isa = PBXFileReference; lastKnownFileType = sourcecode.swift; path = AppDelegate.swift; sourceTree = "<group>"; };
		4A2D1165204A19CA001C5F39 /* ViewController.swift */ = {isa = PBXFileReference; lastKnownFileType = sourcecode.swift; path = ViewController.swift; sourceTree = "<group>"; };
		4A2D1168204A19CA001C5F39 /* Base */ = {isa = PBXFileReference; lastKnownFileType = file.storyboard; name = Base; path = Base.lproj/Main.storyboard; sourceTree = "<group>"; };
		4A2D116A204A19CA001C5F39 /* Assets.xcassets */ = {isa = PBXFileReference; lastKnownFileType = folder.assetcatalog; path = Assets.xcassets; sourceTree = "<group>"; };
		4A2D116D204A19CA001C5F39 /* Base */ = {isa = PBXFileReference; lastKnownFileType = file.storyboard; name = Base; path = Base.lproj/LaunchScreen.storyboard; sourceTree = "<group>"; };
		4A2D116F204A19CA001C5F39 /* Info.plist */ = {isa = PBXFileReference; lastKnownFileType = text.plist.xml; path = Info.plist; sourceTree = "<group>"; };
		4A2D1174204A19CA001C5F39 /* SimpleProfileTests.xctest */ = {isa = PBXFileReference; explicitFileType = wrapper.cfbundle; includeInIndex = 0; path = SimpleProfileTests.xctest; sourceTree = BUILT_PRODUCTS_DIR; };
		4A2D1178204A19CA001C5F39 /* SimpleProfileTests.swift */ = {isa = PBXFileReference; lastKnownFileType = sourcecode.swift; path = SimpleProfileTests.swift; sourceTree = "<group>"; };
		4A2D117A204A19CA001C5F39 /* Info.plist */ = {isa = PBXFileReference; lastKnownFileType = text.plist.xml; path = Info.plist; sourceTree = "<group>"; };
		4A2D117F204A19CA001C5F39 /* SimpleProfileUITests.xctest */ = {isa = PBXFileReference; explicitFileType = wrapper.cfbundle; includeInIndex = 0; path = SimpleProfileUITests.xctest; sourceTree = BUILT_PRODUCTS_DIR; };
		4A2D1183204A19CA001C5F39 /* SimpleProfileUITests.swift */ = {isa = PBXFileReference; lastKnownFileType = sourcecode.swift; path = SimpleProfileUITests.swift; sourceTree = "<group>"; };
		4A2D1185204A19CA001C5F39 /* Info.plist */ = {isa = PBXFileReference; lastKnownFileType = text.plist.xml; path = Info.plist; sourceTree = "<group>"; };
/* End PBXFileReference section */

/* Begin PBXFrameworksBuildPhase section */
		4A2D115D204A19CA001C5F39 /* Frameworks */ = {
			isa = PBXFrameworksBuildPhase;
			buildActionMask = 2147483647;
			files = (
			);
			runOnlyForDeploymentPostprocessing = 0;
		};
		4A2D1171204A19CA001C5F39 /* Frameworks */ = {
			isa = PBXFrameworksBuildPhase;
			buildActionMask = 2147483647;
			files = (
			);
			runOnlyForDeploymentPostprocessing = 0;
		};
		4A2D117C204A19CA001C5F39 /* Frameworks */ = {
			isa = PBXFrameworksBuildPhase;
			buildActionMask = 2147483647;
			files = (
			);
			runOnlyForDeploymentPostprocessing = 0;
		};
/* End PBXFrameworksBuildPhase section */

/* Begin PBXGroup section */
		4A2D1157204A19CA001C5F39 = {
			isa = PBXGroup;
			children = (
				4A2D1162204A19CA001C5F39 /* SimpleProfile */,
				4A2D1177204A19CA001C5F39 /* SimpleProfileTests */,
				4A2D1182204A19CA001C5F39 /* SimpleProfileUITests */,
				4A2D1161204A19CA001C5F39 /* Products */,
			);
			sourceTree = "<group>";
		};
		4A2D1161204A19CA001C5F39 /* Products */ = {
			isa = PBXGroup;
			children = (
				4A2D1160204A19CA001C5F39 /* SimpleProfile.app */,
				4A2D1174204A19CA001C5F39 /* SimpleProfileTests.xctest */,
				4A2D117F204A19CA001C5F39 /* SimpleProfileUITests.xctest */,
			);
			name = Products;
			sourceTree = "<group>";
		};
		4A2D1162204A19CA001C5F39 /* SimpleProfile */ = {
			isa = PBXGroup;
			children = (
				4A2D1163204A19CA001C5F39 /* AppDelegate.swift */,
				4A2D1165204A19CA001C5F39 /* ViewController.swift */,
				4A2D1167204A19CA001C5F39 /* Main.storyboard */,
				4A2D116A204A19CA001C5F39 /* Assets.xcassets */,
				4A2D116C204A19CA001C5F39 /* LaunchScreen.storyboard */,
				4A2D116F204A19CA001C5F39 /* Info.plist */,
			);
			path = SimpleProfile;
			sourceTree = "<group>";
		};
		4A2D1177204A19CA001C5F39 /* SimpleProfileTests */ = {
			isa = PBXGroup;
			children = (
				4A2D1178204A19CA001C5F39 /* SimpleProfileTests.swift */,
				4A2D117A204A19CA001C5F39 /* Info.plist */,
			);
			path = SimpleProfileTests;
			sourceTree = "<group>";
		};
		4A2D1182204A19CA001C5F39 /* SimpleProfileUITests */ = {
			isa = PBXGroup;
			children = (
				4A2D1183204A19CA001C5F39 /* SimpleProfileUITests.swift */,
				4A2D1185204A19CA001C5F39 /* Info.plist */,
			);
			path = SimpleProfileUITests;
			sourceTree = "<group>";
		};
/* End PBXGroup section */

/* Begin PBXNativeTarget section */
		4A2D115F204A19CA001C5F39 /* SimpleProfile */ = {
			isa = PBXNativeTarget;
			buildConfigurationList = 4A2D1188204A19CA001C5F39 /* Build configuration list for PBXNativeTarget "SimpleProfile" */;
			buildPhases = (
				4A2D115C204A19CA001C5F39 /* Sources */,
				4A2D115D204A19CA001C5F39 /* Frameworks */,
				4A2D115E204A19CA001C5F39 /* Resources */,
			);
			buildRules = (
			);
			dependencies = (
			);
			name = SimpleProfile;
			productName = SimpleProfile;
			productReference = 4A2D1160204A19CA001C5F39 /* SimpleProfile.app */;
			productType = "com.apple.product-type.application";
		};
		4A2D1173204A19CA001C5F39 /* SimpleProfileTests */ = {
			isa = PBXNativeTarget;
			buildConfigurationList = 4A2D118B204A19CA001C5F39 /* Build configuration list for PBXNativeTarget "SimpleProfileTests" */;
			buildPhases = (
				4A2D1170204A19CA001C5F39 /* Sources */,
				4A2D1171204A19CA001C5F39 /* Frameworks */,
				4A2D1172204A19CA001C5F39 /* Resources */,
			);
			buildRules = (
			);
			dependencies = (
				4A2D1176204A19CA001C5F39 /* PBXTargetDependency */,
			);
			name = SimpleProfileTests;
			productName = SimpleProfileTests;
			productReference = 4A2D1174204A19CA001C5F39 /* SimpleProfileTests.xctest */;
			productType = "com.apple.product-type.bundle.unit-test";
		};
		4A2D117E204A19CA001C5F39 /* SimpleProfileUITests */ = {
			isa = PBXNativeTarget;
			buildConfigurationList = 4A2D118E204A19CA001C5F39 /* Build configuration list for PBXNativeTarget "SimpleProfileUITests" */;
			buildPhases = (
				4A2D117B204A19CA001C5F39 /* Sources */,
				4A2D117C204A19CA001C5F39 /* Frameworks */,
				4A2D117D204A19CA001C5F39 /* Resources */,
			);
			buildRules = (
			);
			dependencies = (
				4A2D1181204A19CA001C5F39 /* PBXTargetDependency */,
			);
			name = SimpleProfileUITests;
			productName = SimpleProfileUITests;
			productReference = 4A2D117F204A19CA001C5F39 /* SimpleProfileUITests.xctest */;
			productType = "com.apple.product-type.bundle.ui-testing";
		};
/* End PBXNativeTarget section */

/* Begin PBXProject section */
		4A2D1158204A19CA001C5F39 /* Project object */ = {
			isa = PBXProject;
			attributes = {
				LastSwiftUpdateCheck = 0920;
				LastUpgradeCheck = 0920;
				ORGANIZATIONNAME = d182_fernando_r;
				TargetAttributes = {
					4A2D115F204A19CA001C5F39 = {
						CreatedOnToolsVersion = 9.2;
						ProvisioningStyle = Automatic;
					};
					4A2D1173204A19CA001C5F39 = {
						CreatedOnToolsVersion = 9.2;
						ProvisioningStyle = Automatic;
						TestTargetID = 4A2D115F204A19CA001C5F39;
					};
					4A2D117E204A19CA001C5F39 = {
						CreatedOnToolsVersion = 9.2;
						ProvisioningStyle = Automatic;
						TestTargetID = 4A2D115F204A19CA001C5F39;
					};
				};
			};
			buildConfigurationList = 4A2D115B204A19CA001C5F39 /* Build configuration list for PBXProject "SimpleProfile" */;
			compatibilityVersion = "Xcode 8.0";
			developmentRegion = en;
			hasScannedForEncodings = 0;
			knownRegions = (
				en,
				Base,
			);
			mainGroup = 4A2D1157204A19CA001C5F39;
			productRefGroup = 4A2D1161204A19CA001C5F39 /* Products */;
			projectDirPath = "";
			projectRoot = "";
			targets = (
				4A2D115F204A19CA001C5F39 /* SimpleProfile */,
				4A2D1173204A19CA001C5F39 /* SimpleProfileTests */,
				4A2D117E204A19CA001C5F39 /* SimpleProfileUITests */,
			);
		};
/* End PBXProject section */

/* Begin PBXResourcesBuildPhase section */
		4A2D115E204A19CA001C5F39 /* Resources */ = {
			isa = PBXResourcesBuildPhase;
			buildActionMask = 2147483647;
			files = (
				4A2D116E204A19CA001C5F39 /* LaunchScreen.storyboard in Resources */,
				4A2D116B204A19CA001C5F39 /* Assets.xcassets in Resources */,
				4A2D1169204A19CA001C5F39 /* Main.storyboard in Resources */,
			);
			runOnlyForDeploymentPostprocessing = 0;
		};
		4A2D1172204A19CA001C5F39 /* Resources */ = {
			isa = PBXResourcesBuildPhase;
			buildActionMask = 2147483647;
			files = (
			);
			runOnlyForDeploymentPostprocessing = 0;
		};
		4A2D117D204A19CA001C5F39 /* Resources */ = {
			isa = PBXResourcesBuildPhase;
			buildActionMask = 2147483647;
			files = (
			);
			runOnlyForDeploymentPostprocessing = 0;
		};
/* End PBXResourcesBuildPhase section */

/* Begin PBXSourcesBuildPhase section */
		4A2D115C204A19CA001C5F39 /* Sources */ = {
			isa = PBXSourcesBuildPhase;
			buildActionMask = 2147483647;
			files = (
				4A2D1166204A19CA001C5F39 /* ViewController.swift in Sources */,
				4A2D1164204A19CA001C5F39 /* AppDelegate.swift in Sources */,
			);
			runOnlyForDeploymentPostprocessing = 0;
		};
		4A2D1170204A19CA001C5F39 /* Sources */ = {
			isa = PBXSourcesBuildPhase;
			buildActionMask = 2147483647;
			files = (
				4A2D1179204A19CA001C5F39 /* SimpleProfileTests.swift in Sources */,
			);
			runOnlyForDeploymentPostprocessing = 0;
		};
		4A2D117B204A19CA001C5F39 /* Sources */ = {
			isa = PBXSourcesBuildPhase;
			buildActionMask = 2147483647;
			files = (
				4A2D1184204A19CA001C5F39 /* SimpleProfileUITests.swift in Sources */,
			);
			runOnlyForDeploymentPostprocessing = 0;
		};
/* End PBXSourcesBuildPhase section */

/* Begin PBXTargetDependency section */
		4A2D1176204A19CA001C5F39 /* PBXTargetDependency */ = {
			isa = PBXTargetDependency;
			target = 4A2D115F204A19CA001C5F39 /* SimpleProfile */;
			targetProxy = 4A2D1175204A19CA001C5F39 /* PBXContainerItemProxy */;
		};
		4A2D1181204A19CA001C5F39 /* PBXTargetDependency */ = {
			isa = PBXTargetDependency;
			target = 4A2D115F204A19CA001C5F39 /* SimpleProfile */;
			targetProxy = 4A2D1180204A19CA001C5F39 /* PBXContainerItemProxy */;
		};
/* End PBXTargetDependency section */

/* Begin PBXVariantGroup section */
		4A2D1167204A19CA001C5F39 /* Main.storyboard */ = {
			isa = PBXVariantGroup;
			children = (
				4A2D1168204A19CA001C5F39 /* Base */,
			);
			name = Main.storyboard;
			sourceTree = "<group>";
		};
		4A2D116C204A19CA001C5F39 /* LaunchScreen.storyboard */ = {
			isa = PBXVariantGroup;
			children = (
				4A2D116D204A19CA001C5F39 /* Base */,
			);
			name = LaunchScreen.storyboard;
			sourceTree = "<group>";
		};
/* End PBXVariantGroup section */

/* Begin XCBuildConfiguration section */
		4A2D1186204A19CA001C5F39 /* Debug */ = {
			isa = XCBuildConfiguration;
			buildSettings = {
				ALWAYS_SEARCH_USER_PATHS = NO;
				CLANG_ANALYZER_NONNULL = YES;
				CLANG_ANALYZER_NUMBER_OBJECT_CONVERSION = YES_AGGRESSIVE;
				CLANG_CXX_LANGUAGE_STANDARD = "gnu++14";
				CLANG_CXX_LIBRARY = "libc++";
				CLANG_ENABLE_MODULES = YES;
				CLANG_ENABLE_OBJC_ARC = YES;
				CLANG_WARN_BLOCK_CAPTURE_AUTORELEASING = YES;
				CLANG_WARN_BOOL_CONVERSION = YES;
				CLANG_WARN_COMMA = YES;
				CLANG_WARN_CONSTANT_CONVERSION = YES;
				CLANG_WARN_DIRECT_OBJC_ISA_USAGE = YES_ERROR;
				CLANG_WARN_DOCUMENTATION_COMMENTS = YES;
				CLANG_WARN_EMPTY_BODY = YES;
				CLANG_WARN_ENUM_CONVERSION = YES;
				CLANG_WARN_INFINITE_RECURSION = YES;
				CLANG_WARN_INT_CONVERSION = YES;
				CLANG_WARN_NON_LITERAL_NULL_CONVERSION = YES;
				CLANG_WARN_OBJC_LITERAL_CONVERSION = YES;
				CLANG_WARN_OBJC_ROOT_CLASS = YES_ERROR;
				CLANG_WARN_RANGE_LOOP_ANALYSIS = YES;
				CLANG_WARN_STRICT_PROTOTYPES = YES;
				CLANG_WARN_SUSPICIOUS_MOVE = YES;
				CLANG_WARN_UNGUARDED_AVAILABILITY = YES_AGGRESSIVE;
				CLANG_WARN_UNREACHABLE_CODE = YES;
				CLANG_WARN__DUPLICATE_METHOD_MATCH = YES;
				CODE_SIGN_IDENTITY = "iPhone Developer";
				COPY_PHASE_STRIP = NO;
				DEBUG_INFORMATION_FORMAT = dwarf;
				ENABLE_STRICT_OBJC_MSGSEND = YES;
				ENABLE_TESTABILITY = YES;
				GCC_C_LANGUAGE_STANDARD = gnu11;
				GCC_DYNAMIC_NO_PIC = NO;
				GCC_NO_COMMON_BLOCKS = YES;
				GCC_OPTIMIZATION_LEVEL = 0;
				GCC_PREPROCESSOR_DEFINITIONS = (
					"DEBUG=1",
					"$(inherited)",
				);
				GCC_WARN_64_TO_32_BIT_CONVERSION = YES;
				GCC_WARN_ABOUT_RETURN_TYPE = YES_ERROR;
				GCC_WARN_UNDECLARED_SELECTOR = YES;
				GCC_WARN_UNINITIALIZED_AUTOS = YES_AGGRESSIVE;
				GCC_WARN_UNUSED_FUNCTION = YES;
				GCC_WARN_UNUSED_VARIABLE = YES;
				IPHONEOS_DEPLOYMENT_TARGET = 11.2;
				MTL_ENABLE_DEBUG_INFO = YES;
				ONLY_ACTIVE_ARCH = YES;
				SDKROOT = iphoneos;
				SWIFT_ACTIVE_COMPILATION_CONDITIONS = DEBUG;
				SWIFT_OPTIMIZATION_LEVEL = "-Onone";
			};
			name = Debug;
		};
		4A2D1187204A19CA001C5F39 /* Release */ = {
			isa = XCBuildConfiguration;
			buildSettings = {
				ALWAYS_SEARCH_USER_PATHS = NO;
				CLANG_ANALYZER_NONNULL = YES;
				CLANG_ANALYZER_NUMBER_OBJECT_CONVERSION = YES_AGGRESSIVE;
				CLANG_CXX_LANGUAGE_STANDARD = "gnu++14";
				CLANG_CXX_LIBRARY = "libc++";
				CLANG_ENABLE_MODULES = YES;
				CLANG_ENABLE_OBJC_ARC = YES;
				CLANG_WARN_BLOCK_CAPTURE_AUTORELEASING = YES;
				CLANG_WARN_BOOL_CONVERSION = YES;
				CLANG_WARN_COMMA = YES;
				CLANG_WARN_CONSTANT_CONVERSION = YES;
				CLANG_WARN_DIRECT_OBJC_ISA_USAGE = YES_ERROR;
				CLANG_WARN_DOCUMENTATION_COMMENTS = YES;
				CLANG_WARN_EMPTY_BODY = YES;
				CLANG_WARN_ENUM_CONVERSION = YES;
				CLANG_WARN_INFINITE_RECURSION = YES;
				CLANG_WARN_INT_CONVERSION = YES;
				CLANG_WARN_NON_LITERAL_NULL_CONVERSION = YES;
				CLANG_WARN_OBJC_LITERAL_CONVERSION = YES;
				CLANG_WARN_OBJC_ROOT_CLASS = YES_ERROR;
				CLANG_WARN_RANGE_LOOP_ANALYSIS = YES;
				CLANG_WARN_STRICT_PROTOTYPES = YES;
				CLANG_WARN_SUSPICIOUS_MOVE = YES;
				CLANG_WARN_UNGUARDED_AVAILABILITY = YES_AGGRESSIVE;
				CLANG_WARN_UNREACHABLE_CODE = YES;
				CLANG_WARN__DUPLICATE_METHOD_MATCH = YES;
				CODE_SIGN_IDENTITY = "iPhone Developer";
				COPY_PHASE_STRIP = NO;
				DEBUG_INFORMATION_FORMAT = "dwarf-with-dsym";
				ENABLE_NS_ASSERTIONS = NO;
				ENABLE_STRICT_OBJC_MSGSEND = YES;
				GCC_C_LANGUAGE_STANDARD = gnu11;
				GCC_NO_COMMON_BLOCKS = YES;
				GCC_WARN_64_TO_32_BIT_CONVERSION = YES;
				GCC_WARN_ABOUT_RETURN_TYPE = YES_ERROR;
				GCC_WARN_UNDECLARED_SELECTOR = YES;
				GCC_WARN_UNINITIALIZED_AUTOS = YES_AGGRESSIVE;
				GCC_WARN_UNUSED_FUNCTION = YES;
				GCC_WARN_UNUSED_VARIABLE = YES;
				IPHONEOS_DEPLOYMENT_TARGET = 11.2;
				MTL_ENABLE_DEBUG_INFO = NO;
				SDKROOT = iphoneos;
				SWIFT_OPTIMIZATION_LEVEL = "-Owholemodule";
				VALIDATE_PRODUCT = YES;
			};
			name = Release;
		};
		4A2D1189204A19CA001C5F39 /* Debug */ = {
			isa = XCBuildConfiguration;
			buildSettings = {
				ASSETCATALOG_COMPILER_APPICON_NAME = AppIcon;
				CODE_SIGN_STYLE = Automatic;
				INFOPLIST_FILE = SimpleProfile/Info.plist;
				LD_RUNPATH_SEARCH_PATHS = "$(inherited) @executable_path/Frameworks";
				PRODUCT_BUNDLE_IDENTIFIER = diplomado.SimpleProfile;
				PRODUCT_NAME = "$(TARGET_NAME)";
				SWIFT_VERSION = 4.0;
				TARGETED_DEVICE_FAMILY = "1,2";
			};
			name = Debug;
		};
		4A2D118A204A19CA001C5F39 /* Release */ = {
			isa = XCBuildConfiguration;
			buildSettings = {
				ASSETCATALOG_COMPILER_APPICON_NAME = AppIcon;
				CODE_SIGN_STYLE = Automatic;
				INFOPLIST_FILE = SimpleProfile/Info.plist;
				LD_RUNPATH_SEARCH_PATHS = "$(inherited) @executable_path/Frameworks";
				PRODUCT_BUNDLE_IDENTIFIER = diplomado.SimpleProfile;
				PRODUCT_NAME = "$(TARGET_NAME)";
				SWIFT_VERSION = 4.0;
				TARGETED_DEVICE_FAMILY = "1,2";
			};
			name = Release;
		};
		4A2D118C204A19CA001C5F39 /* Debug */ = {
			isa = XCBuildConfiguration;
			buildSettings = {
				ALWAYS_EMBED_SWIFT_STANDARD_LIBRARIES = YES;
				BUNDLE_LOADER = "$(TEST_HOST)";
				CODE_SIGN_STYLE = Automatic;
				INFOPLIST_FILE = SimpleProfileTests/Info.plist;
				LD_RUNPATH_SEARCH_PATHS = "$(inherited) @executable_path/Frameworks @loader_path/Frameworks";
				PRODUCT_BUNDLE_IDENTIFIER = diplomado.SimpleProfileTests;
				PRODUCT_NAME = "$(TARGET_NAME)";
				SWIFT_VERSION = 4.0;
				TARGETED_DEVICE_FAMILY = "1,2";
				TEST_HOST = "$(BUILT_PRODUCTS_DIR)/SimpleProfile.app/SimpleProfile";
			};
			name = Debug;
		};
		4A2D118D204A19CA001C5F39 /* Release */ = {
			isa = XCBuildConfiguration;
			buildSettings = {
				ALWAYS_EMBED_SWIFT_STANDARD_LIBRARIES = YES;
				BUNDLE_LOADER = "$(TEST_HOST)";
				CODE_SIGN_STYLE = Automatic;
				INFOPLIST_FILE = SimpleProfileTests/Info.plist;
				LD_RUNPATH_SEARCH_PATHS = "$(inherited) @executable_path/Frameworks @loader_path/Frameworks";
				PRODUCT_BUNDLE_IDENTIFIER = diplomado.SimpleProfileTests;
				PRODUCT_NAME = "$(TARGET_NAME)";
				SWIFT_VERSION = 4.0;
				TARGETED_DEVICE_FAMILY = "1,2";
				TEST_HOST = "$(BUILT_PRODUCTS_DIR)/SimpleProfile.app/SimpleProfile";
			};
			name = Release;
		};
		4A2D118F204A19CA001C5F39 /* Debug */ = {
			isa = XCBuildConfiguration;
			buildSettings = {
				ALWAYS_EMBED_SWIFT_STANDARD_LIBRARIES = YES;
				CODE_SIGN_STYLE = Automatic;
				INFOPLIST_FILE = SimpleProfileUITests/Info.plist;
				LD_RUNPATH_SEARCH_PATHS = "$(inherited) @executable_path/Frameworks @loader_path/Frameworks";
				PRODUCT_BUNDLE_IDENTIFIER = diplomado.SimpleProfileUITests;
				PRODUCT_NAME = "$(TARGET_NAME)";
				SWIFT_VERSION = 4.0;
				TARGETED_DEVICE_FAMILY = "1,2";
				TEST_TARGET_NAME = SimpleProfile;
			};
			name = Debug;
		};
		4A2D1190204A19CA001C5F39 /* Release */ = {
			isa = XCBuildConfiguration;
			buildSettings = {
				ALWAYS_EMBED_SWIFT_STANDARD_LIBRARIES = YES;
				CODE_SIGN_STYLE = Automatic;
				INFOPLIST_FILE = SimpleProfileUITests/Info.plist;
				LD_RUNPATH_SEARCH_PATHS = "$(inherited) @executable_path/Frameworks @loader_path/Frameworks";
				PRODUCT_BUNDLE_IDENTIFIER = diplomado.SimpleProfileUITests;
				PRODUCT_NAME = "$(TARGET_NAME)";
				SWIFT_VERSION = 4.0;
				TARGETED_DEVICE_FAMILY = "1,2";
				TEST_TARGET_NAME = SimpleProfile;
			};
			name = Release;
		};
/* End XCBuildConfiguration section */

/* Begin XCConfigurationList section */
		4A2D115B204A19CA001C5F39 /* Build configuration list for PBXProject "SimpleProfile" */ = {
			isa = XCConfigurationList;
			buildConfigurations = (
				4A2D1186204A19CA001C5F39 /* Debug */,
				4A2D1187204A19CA001C5F39 /* Release */,
			);
			defaultConfigurationIsVisible = 0;
			defaultConfigurationName = Release;
		};
		4A2D1188204A19CA001C5F39 /* Build configuration list for PBXNativeTarget "SimpleProfile" */ = {
			isa = XCConfigurationList;
			buildConfigurations = (
				4A2D1189204A19CA001C5F39 /* Debug */,
				4A2D118A204A19CA001C5F39 /* Release */,
			);
			defaultConfigurationIsVisible = 0;
			defaultConfigurationName = Release;
		};
		4A2D118B204A19CA001C5F39 /* Build configuration list for PBXNativeTarget "SimpleProfileTests" */ = {
			isa = XCConfigurationList;
			buildConfigurations = (
				4A2D118C204A19CA001C5F39 /* Debug */,
				4A2D118D204A19CA001C5F39 /* Release */,
			);
			defaultConfigurationIsVisible = 0;
			defaultConfigurationName = Release;
		};
		4A2D118E204A19CA001C5F39 /* Build configuration list for PBXNativeTarget "SimpleProfileUITests" */ = {
			isa = XCConfigurationList;
			buildConfigurations = (
				4A2D118F204A19CA001C5F39 /* Debug */,
				4A2D1190204A19CA001C5F39 /* Release */,
			);
			defaultConfigurationIsVisible = 0;
			defaultConfigurationName = Release;
		};
/* End XCConfigurationList section */
	};
	rootObject = 4A2D1158204A19CA001C5F39 /* Project object */;
}
