// !$*UTF8*$!
{
	archiveVersion = 1;
	classes = {
	};
	objectVersion = 50;
	objects = {

/* Begin PBXBuildFile section */
		4ABC402C20CB39AE0026694C /* AppDelegate.swift in Sources */ = {isa = PBXBuildFile; fileRef = 4ABC402B20CB39AE0026694C /* AppDelegate.swift */; };
		4ABC403020CB39AE0026694C /* ViewController.swift in Sources */ = {isa = PBXBuildFile; fileRef = 4ABC402F20CB39AE0026694C /* ViewController.swift */; };
		4ABC403320CB39AE0026694C /* Main.storyboard in Resources */ = {isa = PBXBuildFile; fileRef = 4ABC403120CB39AE0026694C /* Main.storyboard */; };
		4ABC403520CB39AF0026694C /* Assets.xcassets in Resources */ = {isa = PBXBuildFile; fileRef = 4ABC403420CB39AF0026694C /* Assets.xcassets */; };
		4ABC403820CB39AF0026694C /* LaunchScreen.storyboard in Resources */ = {isa = PBXBuildFile; fileRef = 4ABC403620CB39AF0026694C /* LaunchScreen.storyboard */; };
		4ABC404320CB39AF0026694C /* EscurdiaARKitTests.swift in Sources */ = {isa = PBXBuildFile; fileRef = 4ABC404220CB39AF0026694C /* EscurdiaARKitTests.swift */; };
		4ABC404E20CB39AF0026694C /* EscurdiaARKitUITests.swift in Sources */ = {isa = PBXBuildFile; fileRef = 4ABC404D20CB39AF0026694C /* EscurdiaARKitUITests.swift */; };
/* End PBXBuildFile section */

/* Begin PBXContainerItemProxy section */
		4ABC403F20CB39AF0026694C /* PBXContainerItemProxy */ = {
			isa = PBXContainerItemProxy;
			containerPortal = 4ABC402020CB39AE0026694C /* Project object */;
			proxyType = 1;
			remoteGlobalIDString = 4ABC402720CB39AE0026694C;
			remoteInfo = EscurdiaARKit;
		};
		4ABC404A20CB39AF0026694C /* PBXContainerItemProxy */ = {
			isa = PBXContainerItemProxy;
			containerPortal = 4ABC402020CB39AE0026694C /* Project object */;
			proxyType = 1;
			remoteGlobalIDString = 4ABC402720CB39AE0026694C;
			remoteInfo = EscurdiaARKit;
		};
/* End PBXContainerItemProxy section */

/* Begin PBXFileReference section */
		4ABC402820CB39AE0026694C /* EscurdiaARKit.app */ = {isa = PBXFileReference; explicitFileType = wrapper.application; includeInIndex = 0; path = EscurdiaARKit.app; sourceTree = BUILT_PRODUCTS_DIR; };
		4ABC402B20CB39AE0026694C /* AppDelegate.swift */ = {isa = PBXFileReference; lastKnownFileType = sourcecode.swift; path = AppDelegate.swift; sourceTree = "<group>"; };
		4ABC402F20CB39AE0026694C /* ViewController.swift */ = {isa = PBXFileReference; lastKnownFileType = sourcecode.swift; path = ViewController.swift; sourceTree = "<group>"; };
		4ABC403220CB39AE0026694C /* Base */ = {isa = PBXFileReference; lastKnownFileType = file.storyboard; name = Base; path = Base.lproj/Main.storyboard; sourceTree = "<group>"; };
		4ABC403420CB39AF0026694C /* Assets.xcassets */ = {isa = PBXFileReference; lastKnownFileType = folder.assetcatalog; path = Assets.xcassets; sourceTree = "<group>"; };
		4ABC403720CB39AF0026694C /* Base */ = {isa = PBXFileReference; lastKnownFileType = file.storyboard; name = Base; path = Base.lproj/LaunchScreen.storyboard; sourceTree = "<group>"; };
		4ABC403920CB39AF0026694C /* Info.plist */ = {isa = PBXFileReference; lastKnownFileType = text.plist.xml; path = Info.plist; sourceTree = "<group>"; };
		4ABC403E20CB39AF0026694C /* EscurdiaARKitTests.xctest */ = {isa = PBXFileReference; explicitFileType = wrapper.cfbundle; includeInIndex = 0; path = EscurdiaARKitTests.xctest; sourceTree = BUILT_PRODUCTS_DIR; };
		4ABC404220CB39AF0026694C /* EscurdiaARKitTests.swift */ = {isa = PBXFileReference; lastKnownFileType = sourcecode.swift; path = EscurdiaARKitTests.swift; sourceTree = "<group>"; };
		4ABC404420CB39AF0026694C /* Info.plist */ = {isa = PBXFileReference; lastKnownFileType = text.plist.xml; path = Info.plist; sourceTree = "<group>"; };
		4ABC404920CB39AF0026694C /* EscurdiaARKitUITests.xctest */ = {isa = PBXFileReference; explicitFileType = wrapper.cfbundle; includeInIndex = 0; path = EscurdiaARKitUITests.xctest; sourceTree = BUILT_PRODUCTS_DIR; };
		4ABC404D20CB39AF0026694C /* EscurdiaARKitUITests.swift */ = {isa = PBXFileReference; lastKnownFileType = sourcecode.swift; path = EscurdiaARKitUITests.swift; sourceTree = "<group>"; };
		4ABC404F20CB39AF0026694C /* Info.plist */ = {isa = PBXFileReference; lastKnownFileType = text.plist.xml; path = Info.plist; sourceTree = "<group>"; };
/* End PBXFileReference section */

/* Begin PBXFrameworksBuildPhase section */
		4ABC402520CB39AE0026694C /* Frameworks */ = {
			isa = PBXFrameworksBuildPhase;
			buildActionMask = 2147483647;
			files = (
			);
			runOnlyForDeploymentPostprocessing = 0;
		};
		4ABC403B20CB39AF0026694C /* Frameworks */ = {
			isa = PBXFrameworksBuildPhase;
			buildActionMask = 2147483647;
			files = (
			);
			runOnlyForDeploymentPostprocessing = 0;
		};
		4ABC404620CB39AF0026694C /* Frameworks */ = {
			isa = PBXFrameworksBuildPhase;
			buildActionMask = 2147483647;
			files = (
			);
			runOnlyForDeploymentPostprocessing = 0;
		};
/* End PBXFrameworksBuildPhase section */

/* Begin PBXGroup section */
		4ABC401F20CB39AE0026694C = {
			isa = PBXGroup;
			children = (
				4ABC405B20CB41460026694C /* New Group */,
				4ABC402A20CB39AE0026694C /* EscurdiaARKit */,
				4ABC404120CB39AF0026694C /* EscurdiaARKitTests */,
				4ABC404C20CB39AF0026694C /* EscurdiaARKitUITests */,
				4ABC402920CB39AE0026694C /* Products */,
			);
			sourceTree = "<group>";
		};
		4ABC402920CB39AE0026694C /* Products */ = {
			isa = PBXGroup;
			children = (
				4ABC402820CB39AE0026694C /* EscurdiaARKit.app */,
				4ABC403E20CB39AF0026694C /* EscurdiaARKitTests.xctest */,
				4ABC404920CB39AF0026694C /* EscurdiaARKitUITests.xctest */,
			);
			name = Products;
			sourceTree = "<group>";
		};
		4ABC402A20CB39AE0026694C /* EscurdiaARKit */ = {
			isa = PBXGroup;
			children = (
				4ABC402B20CB39AE0026694C /* AppDelegate.swift */,
				4ABC402F20CB39AE0026694C /* ViewController.swift */,
				4ABC403120CB39AE0026694C /* Main.storyboard */,
				4ABC403420CB39AF0026694C /* Assets.xcassets */,
				4ABC403620CB39AF0026694C /* LaunchScreen.storyboard */,
				4ABC403920CB39AF0026694C /* Info.plist */,
			);
			path = EscurdiaARKit;
			sourceTree = "<group>";
		};
		4ABC404120CB39AF0026694C /* EscurdiaARKitTests */ = {
			isa = PBXGroup;
			children = (
				4ABC404220CB39AF0026694C /* EscurdiaARKitTests.swift */,
				4ABC404420CB39AF0026694C /* Info.plist */,
			);
			path = EscurdiaARKitTests;
			sourceTree = "<group>";
		};
		4ABC404C20CB39AF0026694C /* EscurdiaARKitUITests */ = {
			isa = PBXGroup;
			children = (
				4ABC404D20CB39AF0026694C /* EscurdiaARKitUITests.swift */,
				4ABC404F20CB39AF0026694C /* Info.plist */,
			);
			path = EscurdiaARKitUITests;
			sourceTree = "<group>";
		};
		4ABC405B20CB41460026694C /* New Group */ = {
			isa = PBXGroup;
			children = (
			);
			path = "New Group";
			sourceTree = "<group>";
		};
/* End PBXGroup section */

/* Begin PBXNativeTarget section */
		4ABC402720CB39AE0026694C /* EscurdiaARKit */ = {
			isa = PBXNativeTarget;
			buildConfigurationList = 4ABC405220CB39AF0026694C /* Build configuration list for PBXNativeTarget "EscurdiaARKit" */;
			buildPhases = (
				4ABC402420CB39AE0026694C /* Sources */,
				4ABC402520CB39AE0026694C /* Frameworks */,
				4ABC402620CB39AE0026694C /* Resources */,
			);
			buildRules = (
			);
			dependencies = (
			);
			name = EscurdiaARKit;
			productName = EscurdiaARKit;
			productReference = 4ABC402820CB39AE0026694C /* EscurdiaARKit.app */;
			productType = "com.apple.product-type.application";
		};
		4ABC403D20CB39AF0026694C /* EscurdiaARKitTests */ = {
			isa = PBXNativeTarget;
			buildConfigurationList = 4ABC405520CB39AF0026694C /* Build configuration list for PBXNativeTarget "EscurdiaARKitTests" */;
			buildPhases = (
				4ABC403A20CB39AF0026694C /* Sources */,
				4ABC403B20CB39AF0026694C /* Frameworks */,
				4ABC403C20CB39AF0026694C /* Resources */,
			);
			buildRules = (
			);
			dependencies = (
				4ABC404020CB39AF0026694C /* PBXTargetDependency */,
			);
			name = EscurdiaARKitTests;
			productName = EscurdiaARKitTests;
			productReference = 4ABC403E20CB39AF0026694C /* EscurdiaARKitTests.xctest */;
			productType = "com.apple.product-type.bundle.unit-test";
		};
		4ABC404820CB39AF0026694C /* EscurdiaARKitUITests */ = {
			isa = PBXNativeTarget;
			buildConfigurationList = 4ABC405820CB39AF0026694C /* Build configuration list for PBXNativeTarget "EscurdiaARKitUITests" */;
			buildPhases = (
				4ABC404520CB39AF0026694C /* Sources */,
				4ABC404620CB39AF0026694C /* Frameworks */,
				4ABC404720CB39AF0026694C /* Resources */,
			);
			buildRules = (
			);
			dependencies = (
				4ABC404B20CB39AF0026694C /* PBXTargetDependency */,
			);
			name = EscurdiaARKitUITests;
			productName = EscurdiaARKitUITests;
			productReference = 4ABC404920CB39AF0026694C /* EscurdiaARKitUITests.xctest */;
			productType = "com.apple.product-type.bundle.ui-testing";
		};
/* End PBXNativeTarget section */

/* Begin PBXProject section */
		4ABC402020CB39AE0026694C /* Project object */ = {
			isa = PBXProject;
			attributes = {
				LastSwiftUpdateCheck = 0930;
				LastUpgradeCheck = 0930;
				ORGANIZATIONNAME = d182_fernando_r;
				TargetAttributes = {
					4ABC402720CB39AE0026694C = {
						CreatedOnToolsVersion = 9.3;
					};
					4ABC403D20CB39AF0026694C = {
						CreatedOnToolsVersion = 9.3;
						TestTargetID = 4ABC402720CB39AE0026694C;
					};
					4ABC404820CB39AF0026694C = {
						CreatedOnToolsVersion = 9.3;
						TestTargetID = 4ABC402720CB39AE0026694C;
					};
				};
			};
			buildConfigurationList = 4ABC402320CB39AE0026694C /* Build configuration list for PBXProject "EscurdiaARKit" */;
			compatibilityVersion = "Xcode 9.3";
			developmentRegion = en;
			hasScannedForEncodings = 0;
			knownRegions = (
				en,
				Base,
			);
			mainGroup = 4ABC401F20CB39AE0026694C;
			productRefGroup = 4ABC402920CB39AE0026694C /* Products */;
			projectDirPath = "";
			projectRoot = "";
			targets = (
				4ABC402720CB39AE0026694C /* EscurdiaARKit */,
				4ABC403D20CB39AF0026694C /* EscurdiaARKitTests */,
				4ABC404820CB39AF0026694C /* EscurdiaARKitUITests */,
			);
		};
/* End PBXProject section */

/* Begin PBXResourcesBuildPhase section */
		4ABC402620CB39AE0026694C /* Resources */ = {
			isa = PBXResourcesBuildPhase;
			buildActionMask = 2147483647;
			files = (
				4ABC403820CB39AF0026694C /* LaunchScreen.storyboard in Resources */,
				4ABC403520CB39AF0026694C /* Assets.xcassets in Resources */,
				4ABC403320CB39AE0026694C /* Main.storyboard in Resources */,
			);
			runOnlyForDeploymentPostprocessing = 0;
		};
		4ABC403C20CB39AF0026694C /* Resources */ = {
			isa = PBXResourcesBuildPhase;
			buildActionMask = 2147483647;
			files = (
			);
			runOnlyForDeploymentPostprocessing = 0;
		};
		4ABC404720CB39AF0026694C /* Resources */ = {
			isa = PBXResourcesBuildPhase;
			buildActionMask = 2147483647;
			files = (
			);
			runOnlyForDeploymentPostprocessing = 0;
		};
/* End PBXResourcesBuildPhase section */

/* Begin PBXSourcesBuildPhase section */
		4ABC402420CB39AE0026694C /* Sources */ = {
			isa = PBXSourcesBuildPhase;
			buildActionMask = 2147483647;
			files = (
				4ABC403020CB39AE0026694C /* ViewController.swift in Sources */,
				4ABC402C20CB39AE0026694C /* AppDelegate.swift in Sources */,
			);
			runOnlyForDeploymentPostprocessing = 0;
		};
		4ABC403A20CB39AF0026694C /* Sources */ = {
			isa = PBXSourcesBuildPhase;
			buildActionMask = 2147483647;
			files = (
				4ABC404320CB39AF0026694C /* EscurdiaARKitTests.swift in Sources */,
			);
			runOnlyForDeploymentPostprocessing = 0;
		};
		4ABC404520CB39AF0026694C /* Sources */ = {
			isa = PBXSourcesBuildPhase;
			buildActionMask = 2147483647;
			files = (
				4ABC404E20CB39AF0026694C /* EscurdiaARKitUITests.swift in Sources */,
			);
			runOnlyForDeploymentPostprocessing = 0;
		};
/* End PBXSourcesBuildPhase section */

/* Begin PBXTargetDependency section */
		4ABC404020CB39AF0026694C /* PBXTargetDependency */ = {
			isa = PBXTargetDependency;
			target = 4ABC402720CB39AE0026694C /* EscurdiaARKit */;
			targetProxy = 4ABC403F20CB39AF0026694C /* PBXContainerItemProxy */;
		};
		4ABC404B20CB39AF0026694C /* PBXTargetDependency */ = {
			isa = PBXTargetDependency;
			target = 4ABC402720CB39AE0026694C /* EscurdiaARKit */;
			targetProxy = 4ABC404A20CB39AF0026694C /* PBXContainerItemProxy */;
		};
/* End PBXTargetDependency section */

/* Begin PBXVariantGroup section */
		4ABC403120CB39AE0026694C /* Main.storyboard */ = {
			isa = PBXVariantGroup;
			children = (
				4ABC403220CB39AE0026694C /* Base */,
			);
			name = Main.storyboard;
			sourceTree = "<group>";
		};
		4ABC403620CB39AF0026694C /* LaunchScreen.storyboard */ = {
			isa = PBXVariantGroup;
			children = (
				4ABC403720CB39AF0026694C /* Base */,
			);
			name = LaunchScreen.storyboard;
			sourceTree = "<group>";
		};
/* End PBXVariantGroup section */

/* Begin XCBuildConfiguration section */
		4ABC405020CB39AF0026694C /* Debug */ = {
			isa = XCBuildConfiguration;
			buildSettings = {
				ALWAYS_SEARCH_USER_PATHS = NO;
				CLANG_ANALYZER_NONNULL = YES;
				CLANG_ANALYZER_NUMBER_OBJECT_CONVERSION = YES_AGGRESSIVE;
				CLANG_CXX_LANGUAGE_STANDARD = "gnu++14";
				CLANG_CXX_LIBRARY = "libc++";
				CLANG_ENABLE_MODULES = YES;
				CLANG_ENABLE_OBJC_ARC = YES;
				CLANG_ENABLE_OBJC_WEAK = YES;
				CLANG_WARN_BLOCK_CAPTURE_AUTORELEASING = YES;
				CLANG_WARN_BOOL_CONVERSION = YES;
				CLANG_WARN_COMMA = YES;
				CLANG_WARN_CONSTANT_CONVERSION = YES;
				CLANG_WARN_DEPRECATED_OBJC_IMPLEMENTATIONS = YES;
				CLANG_WARN_DIRECT_OBJC_ISA_USAGE = YES_ERROR;
				CLANG_WARN_DOCUMENTATION_COMMENTS = YES;
				CLANG_WARN_EMPTY_BODY = YES;
				CLANG_WARN_ENUM_CONVERSION = YES;
				CLANG_WARN_INFINITE_RECURSION = YES;
				CLANG_WARN_INT_CONVERSION = YES;
				CLANG_WARN_NON_LITERAL_NULL_CONVERSION = YES;
				CLANG_WARN_OBJC_IMPLICIT_RETAIN_SELF = YES;
				CLANG_WARN_OBJC_LITERAL_CONVERSION = YES;
				CLANG_WARN_OBJC_ROOT_CLASS = YES_ERROR;
				CLANG_WARN_RANGE_LOOP_ANALYSIS = YES;
				CLANG_WARN_STRICT_PROTOTYPES = YES;
				CLANG_WARN_SUSPICIOUS_MOVE = YES;
				CLANG_WARN_UNGUARDED_AVAILABILITY = YES_AGGRESSIVE;
				CLANG_WARN_UNREACHABLE_CODE = YES;
				CLANG_WARN__DUPLICATE_METHOD_MATCH = YES;
				CODE_SIGN_IDENTITY = "iPhone Developer";
				COPY_PHASE_STRIP = NO;
				DEBUG_INFORMATION_FORMAT = dwarf;
				ENABLE_STRICT_OBJC_MSGSEND = YES;
				ENABLE_TESTABILITY = YES;
				GCC_C_LANGUAGE_STANDARD = gnu11;
				GCC_DYNAMIC_NO_PIC = NO;
				GCC_NO_COMMON_BLOCKS = YES;
				GCC_OPTIMIZATION_LEVEL = 0;
				GCC_PREPROCESSOR_DEFINITIONS = (
					"DEBUG=1",
					"$(inherited)",
				);
				GCC_WARN_64_TO_32_BIT_CONVERSION = YES;
				GCC_WARN_ABOUT_RETURN_TYPE = YES_ERROR;
				GCC_WARN_UNDECLARED_SELECTOR = YES;
				GCC_WARN_UNINITIALIZED_AUTOS = YES_AGGRESSIVE;
				GCC_WARN_UNUSED_FUNCTION = YES;
				GCC_WARN_UNUSED_VARIABLE = YES;
				IPHONEOS_DEPLOYMENT_TARGET = 11.3;
				MTL_ENABLE_DEBUG_INFO = YES;
				ONLY_ACTIVE_ARCH = YES;
				SDKROOT = iphoneos;
				SWIFT_ACTIVE_COMPILATION_CONDITIONS = DEBUG;
				SWIFT_OPTIMIZATION_LEVEL = "-Onone";
			};
			name = Debug;
		};
		4ABC405120CB39AF0026694C /* Release */ = {
			isa = XCBuildConfiguration;
			buildSettings = {
				ALWAYS_SEARCH_USER_PATHS = NO;
				CLANG_ANALYZER_NONNULL = YES;
				CLANG_ANALYZER_NUMBER_OBJECT_CONVERSION = YES_AGGRESSIVE;
				CLANG_CXX_LANGUAGE_STANDARD = "gnu++14";
				CLANG_CXX_LIBRARY = "libc++";
				CLANG_ENABLE_MODULES = YES;
				CLANG_ENABLE_OBJC_ARC = YES;
				CLANG_ENABLE_OBJC_WEAK = YES;
				CLANG_WARN_BLOCK_CAPTURE_AUTORELEASING = YES;
				CLANG_WARN_BOOL_CONVERSION = YES;
				CLANG_WARN_COMMA = YES;
				CLANG_WARN_CONSTANT_CONVERSION = YES;
				CLANG_WARN_DEPRECATED_OBJC_IMPLEMENTATIONS = YES;
				CLANG_WARN_DIRECT_OBJC_ISA_USAGE = YES_ERROR;
				CLANG_WARN_DOCUMENTATION_COMMENTS = YES;
				CLANG_WARN_EMPTY_BODY = YES;
				CLANG_WARN_ENUM_CONVERSION = YES;
				CLANG_WARN_INFINITE_RECURSION = YES;
				CLANG_WARN_INT_CONVERSION = YES;
				CLANG_WARN_NON_LITERAL_NULL_CONVERSION = YES;
				CLANG_WARN_OBJC_IMPLICIT_RETAIN_SELF = YES;
				CLANG_WARN_OBJC_LITERAL_CONVERSION = YES;
				CLANG_WARN_OBJC_ROOT_CLASS = YES_ERROR;
				CLANG_WARN_RANGE_LOOP_ANALYSIS = YES;
				CLANG_WARN_STRICT_PROTOTYPES = YES;
				CLANG_WARN_SUSPICIOUS_MOVE = YES;
				CLANG_WARN_UNGUARDED_AVAILABILITY = YES_AGGRESSIVE;
				CLANG_WARN_UNREACHABLE_CODE = YES;
				CLANG_WARN__DUPLICATE_METHOD_MATCH = YES;
				CODE_SIGN_IDENTITY = "iPhone Developer";
				COPY_PHASE_STRIP = NO;
				DEBUG_INFORMATION_FORMAT = "dwarf-with-dsym";
				ENABLE_NS_ASSERTIONS = NO;
				ENABLE_STRICT_OBJC_MSGSEND = YES;
				GCC_C_LANGUAGE_STANDARD = gnu11;
				GCC_NO_COMMON_BLOCKS = YES;
				GCC_WARN_64_TO_32_BIT_CONVERSION = YES;
				GCC_WARN_ABOUT_RETURN_TYPE = YES_ERROR;
				GCC_WARN_UNDECLARED_SELECTOR = YES;
				GCC_WARN_UNINITIALIZED_AUTOS = YES_AGGRESSIVE;
				GCC_WARN_UNUSED_FUNCTION = YES;
				GCC_WARN_UNUSED_VARIABLE = YES;
				IPHONEOS_DEPLOYMENT_TARGET = 11.3;
				MTL_ENABLE_DEBUG_INFO = NO;
				SDKROOT = iphoneos;
				SWIFT_COMPILATION_MODE = wholemodule;
				SWIFT_OPTIMIZATION_LEVEL = "-O";
				VALIDATE_PRODUCT = YES;
			};
			name = Release;
		};
		4ABC405320CB39AF0026694C /* Debug */ = {
			isa = XCBuildConfiguration;
			buildSettings = {
				ASSETCATALOG_COMPILER_APPICON_NAME = AppIcon;
				CODE_SIGN_STYLE = Automatic;
				INFOPLIST_FILE = EscurdiaARKit/Info.plist;
				LD_RUNPATH_SEARCH_PATHS = (
					"$(inherited)",
					"@executable_path/Frameworks",
				);
				PRODUCT_BUNDLE_IDENTIFIER = diplomado.EscurdiaARKit;
				PRODUCT_NAME = "$(TARGET_NAME)";
				SWIFT_VERSION = 4.0;
				TARGETED_DEVICE_FAMILY = "1,2";
			};
			name = Debug;
		};
		4ABC405420CB39AF0026694C /* Release */ = {
			isa = XCBuildConfiguration;
			buildSettings = {
				ASSETCATALOG_COMPILER_APPICON_NAME = AppIcon;
				CODE_SIGN_STYLE = Automatic;
				INFOPLIST_FILE = EscurdiaARKit/Info.plist;
				LD_RUNPATH_SEARCH_PATHS = (
					"$(inherited)",
					"@executable_path/Frameworks",
				);
				PRODUCT_BUNDLE_IDENTIFIER = diplomado.EscurdiaARKit;
				PRODUCT_NAME = "$(TARGET_NAME)";
				SWIFT_VERSION = 4.0;
				TARGETED_DEVICE_FAMILY = "1,2";
			};
			name = Release;
		};
		4ABC405620CB39AF0026694C /* Debug */ = {
			isa = XCBuildConfiguration;
			buildSettings = {
				ALWAYS_EMBED_SWIFT_STANDARD_LIBRARIES = YES;
				BUNDLE_LOADER = "$(TEST_HOST)";
				CODE_SIGN_STYLE = Automatic;
				INFOPLIST_FILE = EscurdiaARKitTests/Info.plist;
				LD_RUNPATH_SEARCH_PATHS = (
					"$(inherited)",
					"@executable_path/Frameworks",
					"@loader_path/Frameworks",
				);
				PRODUCT_BUNDLE_IDENTIFIER = diplomado.EscurdiaARKitTests;
				PRODUCT_NAME = "$(TARGET_NAME)";
				SWIFT_VERSION = 4.0;
				TARGETED_DEVICE_FAMILY = "1,2";
				TEST_HOST = "$(BUILT_PRODUCTS_DIR)/EscurdiaARKit.app/EscurdiaARKit";
			};
			name = Debug;
		};
		4ABC405720CB39AF0026694C /* Release */ = {
			isa = XCBuildConfiguration;
			buildSettings = {
				ALWAYS_EMBED_SWIFT_STANDARD_LIBRARIES = YES;
				BUNDLE_LOADER = "$(TEST_HOST)";
				CODE_SIGN_STYLE = Automatic;
				INFOPLIST_FILE = EscurdiaARKitTests/Info.plist;
				LD_RUNPATH_SEARCH_PATHS = (
					"$(inherited)",
					"@executable_path/Frameworks",
					"@loader_path/Frameworks",
				);
				PRODUCT_BUNDLE_IDENTIFIER = diplomado.EscurdiaARKitTests;
				PRODUCT_NAME = "$(TARGET_NAME)";
				SWIFT_VERSION = 4.0;
				TARGETED_DEVICE_FAMILY = "1,2";
				TEST_HOST = "$(BUILT_PRODUCTS_DIR)/EscurdiaARKit.app/EscurdiaARKit";
			};
			name = Release;
		};
		4ABC405920CB39AF0026694C /* Debug */ = {
			isa = XCBuildConfiguration;
			buildSettings = {
				ALWAYS_EMBED_SWIFT_STANDARD_LIBRARIES = YES;
				CODE_SIGN_STYLE = Automatic;
				INFOPLIST_FILE = EscurdiaARKitUITests/Info.plist;
				LD_RUNPATH_SEARCH_PATHS = (
					"$(inherited)",
					"@executable_path/Frameworks",
					"@loader_path/Frameworks",
				);
				PRODUCT_BUNDLE_IDENTIFIER = diplomado.EscurdiaARKitUITests;
				PRODUCT_NAME = "$(TARGET_NAME)";
				SWIFT_VERSION = 4.0;
				TARGETED_DEVICE_FAMILY = "1,2";
				TEST_TARGET_NAME = EscurdiaARKit;
			};
			name = Debug;
		};
		4ABC405A20CB39AF0026694C /* Release */ = {
			isa = XCBuildConfiguration;
			buildSettings = {
				ALWAYS_EMBED_SWIFT_STANDARD_LIBRARIES = YES;
				CODE_SIGN_STYLE = Automatic;
				INFOPLIST_FILE = EscurdiaARKitUITests/Info.plist;
				LD_RUNPATH_SEARCH_PATHS = (
					"$(inherited)",
					"@executable_path/Frameworks",
					"@loader_path/Frameworks",
				);
				PRODUCT_BUNDLE_IDENTIFIER = diplomado.EscurdiaARKitUITests;
				PRODUCT_NAME = "$(TARGET_NAME)";
				SWIFT_VERSION = 4.0;
				TARGETED_DEVICE_FAMILY = "1,2";
				TEST_TARGET_NAME = EscurdiaARKit;
			};
			name = Release;
		};
/* End XCBuildConfiguration section */

/* Begin XCConfigurationList section */
		4ABC402320CB39AE0026694C /* Build configuration list for PBXProject "EscurdiaARKit" */ = {
			isa = XCConfigurationList;
			buildConfigurations = (
				4ABC405020CB39AF0026694C /* Debug */,
				4ABC405120CB39AF0026694C /* Release */,
			);
			defaultConfigurationIsVisible = 0;
			defaultConfigurationName = Release;
		};
		4ABC405220CB39AF0026694C /* Build configuration list for PBXNativeTarget "EscurdiaARKit" */ = {
			isa = XCConfigurationList;
			buildConfigurations = (
				4ABC405320CB39AF0026694C /* Debug */,
				4ABC405420CB39AF0026694C /* Release */,
			);
			defaultConfigurationIsVisible = 0;
			defaultConfigurationName = Release;
		};
		4ABC405520CB39AF0026694C /* Build configuration list for PBXNativeTarget "EscurdiaARKitTests" */ = {
			isa = XCConfigurationList;
			buildConfigurations = (
				4ABC405620CB39AF0026694C /* Debug */,
				4ABC405720CB39AF0026694C /* Release */,
			);
			defaultConfigurationIsVisible = 0;
			defaultConfigurationName = Release;
		};
		4ABC405820CB39AF0026694C /* Build configuration list for PBXNativeTarget "EscurdiaARKitUITests" */ = {
			isa = XCConfigurationList;
			buildConfigurations = (
				4ABC405920CB39AF0026694C /* Debug */,
				4ABC405A20CB39AF0026694C /* Release */,
			);
			defaultConfigurationIsVisible = 0;
			defaultConfigurationName = Release;
		};
/* End XCConfigurationList section */
	};
	rootObject = 4ABC402020CB39AE0026694C /* Project object */;
}
