// !$*UTF8*$!
{
	archiveVersion = 1;
	classes = {
	};
	objectVersion = 50;
	objects = {

/* Begin PBXBuildFile section */
		4AAD532F20781CFA003FD7B7 /* AppDelegate.swift in Sources */ = {isa = PBXBuildFile; fileRef = 4AAD532E20781CFA003FD7B7 /* AppDelegate.swift */; };
		4AAD533120781CFA003FD7B7 /* ViewController.swift in Sources */ = {isa = PBXBuildFile; fileRef = 4AAD533020781CFA003FD7B7 /* ViewController.swift */; };
		4AAD533420781CFA003FD7B7 /* Main.storyboard in Resources */ = {isa = PBXBuildFile; fileRef = 4AAD533220781CFA003FD7B7 /* Main.storyboard */; };
		4AAD533620781CFC003FD7B7 /* Assets.xcassets in Resources */ = {isa = PBXBuildFile; fileRef = 4AAD533520781CFC003FD7B7 /* Assets.xcassets */; };
		4AAD533920781CFC003FD7B7 /* LaunchScreen.storyboard in Resources */ = {isa = PBXBuildFile; fileRef = 4AAD533720781CFC003FD7B7 /* LaunchScreen.storyboard */; };
		4AAD534420781CFC003FD7B7 /* weather2Tests.swift in Sources */ = {isa = PBXBuildFile; fileRef = 4AAD534320781CFC003FD7B7 /* weather2Tests.swift */; };
		4AAD534F20781CFC003FD7B7 /* weather2UITests.swift in Sources */ = {isa = PBXBuildFile; fileRef = 4AAD534E20781CFC003FD7B7 /* weather2UITests.swift */; };
/* End PBXBuildFile section */

/* Begin PBXContainerItemProxy section */
		4AAD534020781CFC003FD7B7 /* PBXContainerItemProxy */ = {
			isa = PBXContainerItemProxy;
			containerPortal = 4AAD532320781CFA003FD7B7 /* Project object */;
			proxyType = 1;
			remoteGlobalIDString = 4AAD532A20781CFA003FD7B7;
			remoteInfo = weather2;
		};
		4AAD534B20781CFC003FD7B7 /* PBXContainerItemProxy */ = {
			isa = PBXContainerItemProxy;
			containerPortal = 4AAD532320781CFA003FD7B7 /* Project object */;
			proxyType = 1;
			remoteGlobalIDString = 4AAD532A20781CFA003FD7B7;
			remoteInfo = weather2;
		};
/* End PBXContainerItemProxy section */

/* Begin PBXFileReference section */
		4AAD532B20781CFA003FD7B7 /* weather2.app */ = {isa = PBXFileReference; explicitFileType = wrapper.application; includeInIndex = 0; path = weather2.app; sourceTree = BUILT_PRODUCTS_DIR; };
		4AAD532E20781CFA003FD7B7 /* AppDelegate.swift */ = {isa = PBXFileReference; lastKnownFileType = sourcecode.swift; path = AppDelegate.swift; sourceTree = "<group>"; };
		4AAD533020781CFA003FD7B7 /* ViewController.swift */ = {isa = PBXFileReference; lastKnownFileType = sourcecode.swift; path = ViewController.swift; sourceTree = "<group>"; };
		4AAD533320781CFA003FD7B7 /* Base */ = {isa = PBXFileReference; lastKnownFileType = file.storyboard; name = Base; path = Base.lproj/Main.storyboard; sourceTree = "<group>"; };
		4AAD533520781CFC003FD7B7 /* Assets.xcassets */ = {isa = PBXFileReference; lastKnownFileType = folder.assetcatalog; path = Assets.xcassets; sourceTree = "<group>"; };
		4AAD533820781CFC003FD7B7 /* Base */ = {isa = PBXFileReference; lastKnownFileType = file.storyboard; name = Base; path = Base.lproj/LaunchScreen.storyboard; sourceTree = "<group>"; };
		4AAD533A20781CFC003FD7B7 /* Info.plist */ = {isa = PBXFileReference; lastKnownFileType = text.plist.xml; path = Info.plist; sourceTree = "<group>"; };
		4AAD533F20781CFC003FD7B7 /* weather2Tests.xctest */ = {isa = PBXFileReference; explicitFileType = wrapper.cfbundle; includeInIndex = 0; path = weather2Tests.xctest; sourceTree = BUILT_PRODUCTS_DIR; };
		4AAD534320781CFC003FD7B7 /* weather2Tests.swift */ = {isa = PBXFileReference; lastKnownFileType = sourcecode.swift; path = weather2Tests.swift; sourceTree = "<group>"; };
		4AAD534520781CFC003FD7B7 /* Info.plist */ = {isa = PBXFileReference; lastKnownFileType = text.plist.xml; path = Info.plist; sourceTree = "<group>"; };
		4AAD534A20781CFC003FD7B7 /* weather2UITests.xctest */ = {isa = PBXFileReference; explicitFileType = wrapper.cfbundle; includeInIndex = 0; path = weather2UITests.xctest; sourceTree = BUILT_PRODUCTS_DIR; };
		4AAD534E20781CFC003FD7B7 /* weather2UITests.swift */ = {isa = PBXFileReference; lastKnownFileType = sourcecode.swift; path = weather2UITests.swift; sourceTree = "<group>"; };
		4AAD535020781CFC003FD7B7 /* Info.plist */ = {isa = PBXFileReference; lastKnownFileType = text.plist.xml; path = Info.plist; sourceTree = "<group>"; };
/* End PBXFileReference section */

/* Begin PBXFrameworksBuildPhase section */
		4AAD532820781CFA003FD7B7 /* Frameworks */ = {
			isa = PBXFrameworksBuildPhase;
			buildActionMask = 2147483647;
			files = (
			);
			runOnlyForDeploymentPostprocessing = 0;
		};
		4AAD533C20781CFC003FD7B7 /* Frameworks */ = {
			isa = PBXFrameworksBuildPhase;
			buildActionMask = 2147483647;
			files = (
			);
			runOnlyForDeploymentPostprocessing = 0;
		};
		4AAD534720781CFC003FD7B7 /* Frameworks */ = {
			isa = PBXFrameworksBuildPhase;
			buildActionMask = 2147483647;
			files = (
			);
			runOnlyForDeploymentPostprocessing = 0;
		};
/* End PBXFrameworksBuildPhase section */

/* Begin PBXGroup section */
		4AAD532220781CFA003FD7B7 = {
			isa = PBXGroup;
			children = (
				4AAD532D20781CFA003FD7B7 /* weather2 */,
				4AAD534220781CFC003FD7B7 /* weather2Tests */,
				4AAD534D20781CFC003FD7B7 /* weather2UITests */,
				4AAD532C20781CFA003FD7B7 /* Products */,
			);
			sourceTree = "<group>";
		};
		4AAD532C20781CFA003FD7B7 /* Products */ = {
			isa = PBXGroup;
			children = (
				4AAD532B20781CFA003FD7B7 /* weather2.app */,
				4AAD533F20781CFC003FD7B7 /* weather2Tests.xctest */,
				4AAD534A20781CFC003FD7B7 /* weather2UITests.xctest */,
			);
			name = Products;
			sourceTree = "<group>";
		};
		4AAD532D20781CFA003FD7B7 /* weather2 */ = {
			isa = PBXGroup;
			children = (
				4AAD532E20781CFA003FD7B7 /* AppDelegate.swift */,
				4AAD533020781CFA003FD7B7 /* ViewController.swift */,
				4AAD533220781CFA003FD7B7 /* Main.storyboard */,
				4AAD533520781CFC003FD7B7 /* Assets.xcassets */,
				4AAD533720781CFC003FD7B7 /* LaunchScreen.storyboard */,
				4AAD533A20781CFC003FD7B7 /* Info.plist */,
			);
			path = weather2;
			sourceTree = "<group>";
		};
		4AAD534220781CFC003FD7B7 /* weather2Tests */ = {
			isa = PBXGroup;
			children = (
				4AAD534320781CFC003FD7B7 /* weather2Tests.swift */,
				4AAD534520781CFC003FD7B7 /* Info.plist */,
			);
			path = weather2Tests;
			sourceTree = "<group>";
		};
		4AAD534D20781CFC003FD7B7 /* weather2UITests */ = {
			isa = PBXGroup;
			children = (
				4AAD534E20781CFC003FD7B7 /* weather2UITests.swift */,
				4AAD535020781CFC003FD7B7 /* Info.plist */,
			);
			path = weather2UITests;
			sourceTree = "<group>";
		};
/* End PBXGroup section */

/* Begin PBXNativeTarget section */
		4AAD532A20781CFA003FD7B7 /* weather2 */ = {
			isa = PBXNativeTarget;
			buildConfigurationList = 4AAD535320781CFC003FD7B7 /* Build configuration list for PBXNativeTarget "weather2" */;
			buildPhases = (
				4AAD532720781CFA003FD7B7 /* Sources */,
				4AAD532820781CFA003FD7B7 /* Frameworks */,
				4AAD532920781CFA003FD7B7 /* Resources */,
			);
			buildRules = (
			);
			dependencies = (
			);
			name = weather2;
			productName = weather2;
			productReference = 4AAD532B20781CFA003FD7B7 /* weather2.app */;
			productType = "com.apple.product-type.application";
		};
		4AAD533E20781CFC003FD7B7 /* weather2Tests */ = {
			isa = PBXNativeTarget;
			buildConfigurationList = 4AAD535620781CFC003FD7B7 /* Build configuration list for PBXNativeTarget "weather2Tests" */;
			buildPhases = (
				4AAD533B20781CFC003FD7B7 /* Sources */,
				4AAD533C20781CFC003FD7B7 /* Frameworks */,
				4AAD533D20781CFC003FD7B7 /* Resources */,
			);
			buildRules = (
			);
			dependencies = (
				4AAD534120781CFC003FD7B7 /* PBXTargetDependency */,
			);
			name = weather2Tests;
			productName = weather2Tests;
			productReference = 4AAD533F20781CFC003FD7B7 /* weather2Tests.xctest */;
			productType = "com.apple.product-type.bundle.unit-test";
		};
		4AAD534920781CFC003FD7B7 /* weather2UITests */ = {
			isa = PBXNativeTarget;
			buildConfigurationList = 4AAD535920781CFC003FD7B7 /* Build configuration list for PBXNativeTarget "weather2UITests" */;
			buildPhases = (
				4AAD534620781CFC003FD7B7 /* Sources */,
				4AAD534720781CFC003FD7B7 /* Frameworks */,
				4AAD534820781CFC003FD7B7 /* Resources */,
			);
			buildRules = (
			);
			dependencies = (
				4AAD534C20781CFC003FD7B7 /* PBXTargetDependency */,
			);
			name = weather2UITests;
			productName = weather2UITests;
			productReference = 4AAD534A20781CFC003FD7B7 /* weather2UITests.xctest */;
			productType = "com.apple.product-type.bundle.ui-testing";
		};
/* End PBXNativeTarget section */

/* Begin PBXProject section */
		4AAD532320781CFA003FD7B7 /* Project object */ = {
			isa = PBXProject;
			attributes = {
				LastSwiftUpdateCheck = 0930;
				LastUpgradeCheck = 0930;
				ORGANIZATIONNAME = d182_fernando_r;
				TargetAttributes = {
					4AAD532A20781CFA003FD7B7 = {
						CreatedOnToolsVersion = 9.3;
					};
					4AAD533E20781CFC003FD7B7 = {
						CreatedOnToolsVersion = 9.3;
						TestTargetID = 4AAD532A20781CFA003FD7B7;
					};
					4AAD534920781CFC003FD7B7 = {
						CreatedOnToolsVersion = 9.3;
						TestTargetID = 4AAD532A20781CFA003FD7B7;
					};
				};
			};
			buildConfigurationList = 4AAD532620781CFA003FD7B7 /* Build configuration list for PBXProject "weather2" */;
			compatibilityVersion = "Xcode 9.3";
			developmentRegion = en;
			hasScannedForEncodings = 0;
			knownRegions = (
				en,
				Base,
			);
			mainGroup = 4AAD532220781CFA003FD7B7;
			productRefGroup = 4AAD532C20781CFA003FD7B7 /* Products */;
			projectDirPath = "";
			projectRoot = "";
			targets = (
				4AAD532A20781CFA003FD7B7 /* weather2 */,
				4AAD533E20781CFC003FD7B7 /* weather2Tests */,
				4AAD534920781CFC003FD7B7 /* weather2UITests */,
			);
		};
/* End PBXProject section */

/* Begin PBXResourcesBuildPhase section */
		4AAD532920781CFA003FD7B7 /* Resources */ = {
			isa = PBXResourcesBuildPhase;
			buildActionMask = 2147483647;
			files = (
				4AAD533920781CFC003FD7B7 /* LaunchScreen.storyboard in Resources */,
				4AAD533620781CFC003FD7B7 /* Assets.xcassets in Resources */,
				4AAD533420781CFA003FD7B7 /* Main.storyboard in Resources */,
			);
			runOnlyForDeploymentPostprocessing = 0;
		};
		4AAD533D20781CFC003FD7B7 /* Resources */ = {
			isa = PBXResourcesBuildPhase;
			buildActionMask = 2147483647;
			files = (
			);
			runOnlyForDeploymentPostprocessing = 0;
		};
		4AAD534820781CFC003FD7B7 /* Resources */ = {
			isa = PBXResourcesBuildPhase;
			buildActionMask = 2147483647;
			files = (
			);
			runOnlyForDeploymentPostprocessing = 0;
		};
/* End PBXResourcesBuildPhase section */

/* Begin PBXSourcesBuildPhase section */
		4AAD532720781CFA003FD7B7 /* Sources */ = {
			isa = PBXSourcesBuildPhase;
			buildActionMask = 2147483647;
			files = (
				4AAD533120781CFA003FD7B7 /* ViewController.swift in Sources */,
				4AAD532F20781CFA003FD7B7 /* AppDelegate.swift in Sources */,
			);
			runOnlyForDeploymentPostprocessing = 0;
		};
		4AAD533B20781CFC003FD7B7 /* Sources */ = {
			isa = PBXSourcesBuildPhase;
			buildActionMask = 2147483647;
			files = (
				4AAD534420781CFC003FD7B7 /* weather2Tests.swift in Sources */,
			);
			runOnlyForDeploymentPostprocessing = 0;
		};
		4AAD534620781CFC003FD7B7 /* Sources */ = {
			isa = PBXSourcesBuildPhase;
			buildActionMask = 2147483647;
			files = (
				4AAD534F20781CFC003FD7B7 /* weather2UITests.swift in Sources */,
			);
			runOnlyForDeploymentPostprocessing = 0;
		};
/* End PBXSourcesBuildPhase section */

/* Begin PBXTargetDependency section */
		4AAD534120781CFC003FD7B7 /* PBXTargetDependency */ = {
			isa = PBXTargetDependency;
			target = 4AAD532A20781CFA003FD7B7 /* weather2 */;
			targetProxy = 4AAD534020781CFC003FD7B7 /* PBXContainerItemProxy */;
		};
		4AAD534C20781CFC003FD7B7 /* PBXTargetDependency */ = {
			isa = PBXTargetDependency;
			target = 4AAD532A20781CFA003FD7B7 /* weather2 */;
			targetProxy = 4AAD534B20781CFC003FD7B7 /* PBXContainerItemProxy */;
		};
/* End PBXTargetDependency section */

/* Begin PBXVariantGroup section */
		4AAD533220781CFA003FD7B7 /* Main.storyboard */ = {
			isa = PBXVariantGroup;
			children = (
				4AAD533320781CFA003FD7B7 /* Base */,
			);
			name = Main.storyboard;
			sourceTree = "<group>";
		};
		4AAD533720781CFC003FD7B7 /* LaunchScreen.storyboard */ = {
			isa = PBXVariantGroup;
			children = (
				4AAD533820781CFC003FD7B7 /* Base */,
			);
			name = LaunchScreen.storyboard;
			sourceTree = "<group>";
		};
/* End PBXVariantGroup section */

/* Begin XCBuildConfiguration section */
		4AAD535120781CFC003FD7B7 /* Debug */ = {
			isa = XCBuildConfiguration;
			buildSettings = {
				ALWAYS_SEARCH_USER_PATHS = NO;
				CLANG_ANALYZER_NONNULL = YES;
				CLANG_ANALYZER_NUMBER_OBJECT_CONVERSION = YES_AGGRESSIVE;
				CLANG_CXX_LANGUAGE_STANDARD = "gnu++14";
				CLANG_CXX_LIBRARY = "libc++";
				CLANG_ENABLE_MODULES = YES;
				CLANG_ENABLE_OBJC_ARC = YES;
				CLANG_ENABLE_OBJC_WEAK = YES;
				CLANG_WARN_BLOCK_CAPTURE_AUTORELEASING = YES;
				CLANG_WARN_BOOL_CONVERSION = YES;
				CLANG_WARN_COMMA = YES;
				CLANG_WARN_CONSTANT_CONVERSION = YES;
				CLANG_WARN_DEPRECATED_OBJC_IMPLEMENTATIONS = YES;
				CLANG_WARN_DIRECT_OBJC_ISA_USAGE = YES_ERROR;
				CLANG_WARN_DOCUMENTATION_COMMENTS = YES;
				CLANG_WARN_EMPTY_BODY = YES;
				CLANG_WARN_ENUM_CONVERSION = YES;
				CLANG_WARN_INFINITE_RECURSION = YES;
				CLANG_WARN_INT_CONVERSION = YES;
				CLANG_WARN_NON_LITERAL_NULL_CONVERSION = YES;
				CLANG_WARN_OBJC_IMPLICIT_RETAIN_SELF = YES;
				CLANG_WARN_OBJC_LITERAL_CONVERSION = YES;
				CLANG_WARN_OBJC_ROOT_CLASS = YES_ERROR;
				CLANG_WARN_RANGE_LOOP_ANALYSIS = YES;
				CLANG_WARN_STRICT_PROTOTYPES = YES;
				CLANG_WARN_SUSPICIOUS_MOVE = YES;
				CLANG_WARN_UNGUARDED_AVAILABILITY = YES_AGGRESSIVE;
				CLANG_WARN_UNREACHABLE_CODE = YES;
				CLANG_WARN__DUPLICATE_METHOD_MATCH = YES;
				CODE_SIGN_IDENTITY = "iPhone Developer";
				COPY_PHASE_STRIP = NO;
				DEBUG_INFORMATION_FORMAT = dwarf;
				ENABLE_STRICT_OBJC_MSGSEND = YES;
				ENABLE_TESTABILITY = YES;
				GCC_C_LANGUAGE_STANDARD = gnu11;
				GCC_DYNAMIC_NO_PIC = NO;
				GCC_NO_COMMON_BLOCKS = YES;
				GCC_OPTIMIZATION_LEVEL = 0;
				GCC_PREPROCESSOR_DEFINITIONS = (
					"DEBUG=1",
					"$(inherited)",
				);
				GCC_WARN_64_TO_32_BIT_CONVERSION = YES;
				GCC_WARN_ABOUT_RETURN_TYPE = YES_ERROR;
				GCC_WARN_UNDECLARED_SELECTOR = YES;
				GCC_WARN_UNINITIALIZED_AUTOS = YES_AGGRESSIVE;
				GCC_WARN_UNUSED_FUNCTION = YES;
				GCC_WARN_UNUSED_VARIABLE = YES;
				IPHONEOS_DEPLOYMENT_TARGET = 11.3;
				MTL_ENABLE_DEBUG_INFO = YES;
				ONLY_ACTIVE_ARCH = YES;
				SDKROOT = iphoneos;
				SWIFT_ACTIVE_COMPILATION_CONDITIONS = DEBUG;
				SWIFT_OPTIMIZATION_LEVEL = "-Onone";
			};
			name = Debug;
		};
		4AAD535220781CFC003FD7B7 /* Release */ = {
			isa = XCBuildConfiguration;
			buildSettings = {
				ALWAYS_SEARCH_USER_PATHS = NO;
				CLANG_ANALYZER_NONNULL = YES;
				CLANG_ANALYZER_NUMBER_OBJECT_CONVERSION = YES_AGGRESSIVE;
				CLANG_CXX_LANGUAGE_STANDARD = "gnu++14";
				CLANG_CXX_LIBRARY = "libc++";
				CLANG_ENABLE_MODULES = YES;
				CLANG_ENABLE_OBJC_ARC = YES;
				CLANG_ENABLE_OBJC_WEAK = YES;
				CLANG_WARN_BLOCK_CAPTURE_AUTORELEASING = YES;
				CLANG_WARN_BOOL_CONVERSION = YES;
				CLANG_WARN_COMMA = YES;
				CLANG_WARN_CONSTANT_CONVERSION = YES;
				CLANG_WARN_DEPRECATED_OBJC_IMPLEMENTATIONS = YES;
				CLANG_WARN_DIRECT_OBJC_ISA_USAGE = YES_ERROR;
				CLANG_WARN_DOCUMENTATION_COMMENTS = YES;
				CLANG_WARN_EMPTY_BODY = YES;
				CLANG_WARN_ENUM_CONVERSION = YES;
				CLANG_WARN_INFINITE_RECURSION = YES;
				CLANG_WARN_INT_CONVERSION = YES;
				CLANG_WARN_NON_LITERAL_NULL_CONVERSION = YES;
				CLANG_WARN_OBJC_IMPLICIT_RETAIN_SELF = YES;
				CLANG_WARN_OBJC_LITERAL_CONVERSION = YES;
				CLANG_WARN_OBJC_ROOT_CLASS = YES_ERROR;
				CLANG_WARN_RANGE_LOOP_ANALYSIS = YES;
				CLANG_WARN_STRICT_PROTOTYPES = YES;
				CLANG_WARN_SUSPICIOUS_MOVE = YES;
				CLANG_WARN_UNGUARDED_AVAILABILITY = YES_AGGRESSIVE;
				CLANG_WARN_UNREACHABLE_CODE = YES;
				CLANG_WARN__DUPLICATE_METHOD_MATCH = YES;
				CODE_SIGN_IDENTITY = "iPhone Developer";
				COPY_PHASE_STRIP = NO;
				DEBUG_INFORMATION_FORMAT = "dwarf-with-dsym";
				ENABLE_NS_ASSERTIONS = NO;
				ENABLE_STRICT_OBJC_MSGSEND = YES;
				GCC_C_LANGUAGE_STANDARD = gnu11;
				GCC_NO_COMMON_BLOCKS = YES;
				GCC_WARN_64_TO_32_BIT_CONVERSION = YES;
				GCC_WARN_ABOUT_RETURN_TYPE = YES_ERROR;
				GCC_WARN_UNDECLARED_SELECTOR = YES;
				GCC_WARN_UNINITIALIZED_AUTOS = YES_AGGRESSIVE;
				GCC_WARN_UNUSED_FUNCTION = YES;
				GCC_WARN_UNUSED_VARIABLE = YES;
				IPHONEOS_DEPLOYMENT_TARGET = 11.3;
				MTL_ENABLE_DEBUG_INFO = NO;
				SDKROOT = iphoneos;
				SWIFT_COMPILATION_MODE = wholemodule;
				SWIFT_OPTIMIZATION_LEVEL = "-O";
				VALIDATE_PRODUCT = YES;
			};
			name = Release;
		};
		4AAD535420781CFC003FD7B7 /* Debug */ = {
			isa = XCBuildConfiguration;
			buildSettings = {
				ASSETCATALOG_COMPILER_APPICON_NAME = AppIcon;
				CODE_SIGN_STYLE = Automatic;
				INFOPLIST_FILE = weather2/Info.plist;
				LD_RUNPATH_SEARCH_PATHS = (
					"$(inherited)",
					"@executable_path/Frameworks",
				);
				PRODUCT_BUNDLE_IDENTIFIER = diplomado.weather2;
				PRODUCT_NAME = "$(TARGET_NAME)";
				SWIFT_VERSION = 4.0;
				TARGETED_DEVICE_FAMILY = "1,2";
			};
			name = Debug;
		};
		4AAD535520781CFC003FD7B7 /* Release */ = {
			isa = XCBuildConfiguration;
			buildSettings = {
				ASSETCATALOG_COMPILER_APPICON_NAME = AppIcon;
				CODE_SIGN_STYLE = Automatic;
				INFOPLIST_FILE = weather2/Info.plist;
				LD_RUNPATH_SEARCH_PATHS = (
					"$(inherited)",
					"@executable_path/Frameworks",
				);
				PRODUCT_BUNDLE_IDENTIFIER = diplomado.weather2;
				PRODUCT_NAME = "$(TARGET_NAME)";
				SWIFT_VERSION = 4.0;
				TARGETED_DEVICE_FAMILY = "1,2";
			};
			name = Release;
		};
		4AAD535720781CFC003FD7B7 /* Debug */ = {
			isa = XCBuildConfiguration;
			buildSettings = {
				ALWAYS_EMBED_SWIFT_STANDARD_LIBRARIES = YES;
				BUNDLE_LOADER = "$(TEST_HOST)";
				CODE_SIGN_STYLE = Automatic;
				INFOPLIST_FILE = weather2Tests/Info.plist;
				LD_RUNPATH_SEARCH_PATHS = (
					"$(inherited)",
					"@executable_path/Frameworks",
					"@loader_path/Frameworks",
				);
				PRODUCT_BUNDLE_IDENTIFIER = diplomado.weather2Tests;
				PRODUCT_NAME = "$(TARGET_NAME)";
				SWIFT_VERSION = 4.0;
				TARGETED_DEVICE_FAMILY = "1,2";
				TEST_HOST = "$(BUILT_PRODUCTS_DIR)/weather2.app/weather2";
			};
			name = Debug;
		};
		4AAD535820781CFC003FD7B7 /* Release */ = {
			isa = XCBuildConfiguration;
			buildSettings = {
				ALWAYS_EMBED_SWIFT_STANDARD_LIBRARIES = YES;
				BUNDLE_LOADER = "$(TEST_HOST)";
				CODE_SIGN_STYLE = Automatic;
				INFOPLIST_FILE = weather2Tests/Info.plist;
				LD_RUNPATH_SEARCH_PATHS = (
					"$(inherited)",
					"@executable_path/Frameworks",
					"@loader_path/Frameworks",
				);
				PRODUCT_BUNDLE_IDENTIFIER = diplomado.weather2Tests;
				PRODUCT_NAME = "$(TARGET_NAME)";
				SWIFT_VERSION = 4.0;
				TARGETED_DEVICE_FAMILY = "1,2";
				TEST_HOST = "$(BUILT_PRODUCTS_DIR)/weather2.app/weather2";
			};
			name = Release;
		};
		4AAD535A20781CFC003FD7B7 /* Debug */ = {
			isa = XCBuildConfiguration;
			buildSettings = {
				ALWAYS_EMBED_SWIFT_STANDARD_LIBRARIES = YES;
				CODE_SIGN_STYLE = Automatic;
				INFOPLIST_FILE = weather2UITests/Info.plist;
				LD_RUNPATH_SEARCH_PATHS = (
					"$(inherited)",
					"@executable_path/Frameworks",
					"@loader_path/Frameworks",
				);
				PRODUCT_BUNDLE_IDENTIFIER = diplomado.weather2UITests;
				PRODUCT_NAME = "$(TARGET_NAME)";
				SWIFT_VERSION = 4.0;
				TARGETED_DEVICE_FAMILY = "1,2";
				TEST_TARGET_NAME = weather2;
			};
			name = Debug;
		};
		4AAD535B20781CFC003FD7B7 /* Release */ = {
			isa = XCBuildConfiguration;
			buildSettings = {
				ALWAYS_EMBED_SWIFT_STANDARD_LIBRARIES = YES;
				CODE_SIGN_STYLE = Automatic;
				INFOPLIST_FILE = weather2UITests/Info.plist;
				LD_RUNPATH_SEARCH_PATHS = (
					"$(inherited)",
					"@executable_path/Frameworks",
					"@loader_path/Frameworks",
				);
				PRODUCT_BUNDLE_IDENTIFIER = diplomado.weather2UITests;
				PRODUCT_NAME = "$(TARGET_NAME)";
				SWIFT_VERSION = 4.0;
				TARGETED_DEVICE_FAMILY = "1,2";
				TEST_TARGET_NAME = weather2;
			};
			name = Release;
		};
/* End XCBuildConfiguration section */

/* Begin XCConfigurationList section */
		4AAD532620781CFA003FD7B7 /* Build configuration list for PBXProject "weather2" */ = {
			isa = XCConfigurationList;
			buildConfigurations = (
				4AAD535120781CFC003FD7B7 /* Debug */,
				4AAD535220781CFC003FD7B7 /* Release */,
			);
			defaultConfigurationIsVisible = 0;
			defaultConfigurationName = Release;
		};
		4AAD535320781CFC003FD7B7 /* Build configuration list for PBXNativeTarget "weather2" */ = {
			isa = XCConfigurationList;
			buildConfigurations = (
				4AAD535420781CFC003FD7B7 /* Debug */,
				4AAD535520781CFC003FD7B7 /* Release */,
			);
			defaultConfigurationIsVisible = 0;
			defaultConfigurationName = Release;
		};
		4AAD535620781CFC003FD7B7 /* Build configuration list for PBXNativeTarget "weather2Tests" */ = {
			isa = XCConfigurationList;
			buildConfigurations = (
				4AAD535720781CFC003FD7B7 /* Debug */,
				4AAD535820781CFC003FD7B7 /* Release */,
			);
			defaultConfigurationIsVisible = 0;
			defaultConfigurationName = Release;
		};
		4AAD535920781CFC003FD7B7 /* Build configuration list for PBXNativeTarget "weather2UITests" */ = {
			isa = XCConfigurationList;
			buildConfigurations = (
				4AAD535A20781CFC003FD7B7 /* Debug */,
				4AAD535B20781CFC003FD7B7 /* Release */,
			);
			defaultConfigurationIsVisible = 0;
			defaultConfigurationName = Release;
		};
/* End XCConfigurationList section */
	};
	rootObject = 4AAD532320781CFA003FD7B7 /* Project object */;
}
